// !$*UTF8*$!
{
	archiveVersion = 1;
	classes = {
	};
	objectVersion = 50;
	objects = {

/* Begin PBXBuildFile section */
		41078473264603F1005894D4 /* VMBusChannel.cpp in Sources */ = {isa = PBXBuildFile; fileRef = 41078472264603F1005894D4 /* VMBusChannel.cpp */; };
		41225F3C2642086300574E86 /* SynICProcessor.cpp in Sources */ = {isa = PBXBuildFile; fileRef = 41225F3A2642086300574E86 /* SynICProcessor.cpp */; };
		41225F3D2642086300574E86 /* SynICProcessor.hpp in Headers */ = {isa = PBXBuildFile; fileRef = 41225F3B2642086300574E86 /* SynICProcessor.hpp */; };
		41225F512644C34300574E86 /* HyperVVMBusDevice.cpp in Sources */ = {isa = PBXBuildFile; fileRef = 41225F4F2644C34300574E86 /* HyperVVMBusDevice.cpp */; };
		41225F522644C34300574E86 /* HyperVVMBusDevice.hpp in Headers */ = {isa = PBXBuildFile; fileRef = 41225F502644C34300574E86 /* HyperVVMBusDevice.hpp */; };
		41225F572644D98500574E86 /* HyperVHeartbeat.cpp in Sources */ = {isa = PBXBuildFile; fileRef = 41225F552644D98500574E86 /* HyperVHeartbeat.cpp */; };
		41225F582644D98500574E86 /* HyperVHeartbeat.hpp in Headers */ = {isa = PBXBuildFile; fileRef = 41225F562644D98500574E86 /* HyperVHeartbeat.hpp */; };
		416E4180264A0D5D006DED6D /* HyperVStoragePrivate.cpp in Sources */ = {isa = PBXBuildFile; fileRef = 416E417E264A0D5D006DED6D /* HyperVStoragePrivate.cpp */; };
		416E418E2651E42E006DED6D /* HyperVMousePrivate.cpp in Sources */ = {isa = PBXBuildFile; fileRef = 416E418D2651E42E006DED6D /* HyperVMousePrivate.cpp */; };
		416E429D265751CC006DED6D /* HyperVVMBusDevicePrivate.cpp in Sources */ = {isa = PBXBuildFile; fileRef = 416E429C265751CC006DED6D /* HyperVVMBusDevicePrivate.cpp */; };
		417C97952892184C00CFE0B2 /* hvshutdown.c in Sources */ = {isa = PBXBuildFile; fileRef = 417C97942892184C00CFE0B2 /* hvshutdown.c */; };
		418219662648607600619C15 /* HyperVKeyboard.cpp in Sources */ = {isa = PBXBuildFile; fileRef = 418219642648607600619C15 /* HyperVKeyboard.cpp */; };
		418219672648607600619C15 /* HyperVKeyboard.hpp in Headers */ = {isa = PBXBuildFile; fileRef = 418219652648607600619C15 /* HyperVKeyboard.hpp */; };
		418F052226483C8300E1D14C /* HyperVICService.cpp in Sources */ = {isa = PBXBuildFile; fileRef = 418F052026483C8300E1D14C /* HyperVICService.cpp */; };
		418F052326483C8300E1D14C /* HyperVICService.hpp in Headers */ = {isa = PBXBuildFile; fileRef = 418F052126483C8300E1D14C /* HyperVICService.hpp */; };
		418F052C2648451200E1D14C /* HyperVShutdown.cpp in Sources */ = {isa = PBXBuildFile; fileRef = 418F052A2648451200E1D14C /* HyperVShutdown.cpp */; };
		418F052D2648451200E1D14C /* HyperVShutdown.hpp in Headers */ = {isa = PBXBuildFile; fileRef = 418F052B2648451200E1D14C /* HyperVShutdown.hpp */; };
		418F84342648B07F003F8520 /* HyperVMouse.cpp in Sources */ = {isa = PBXBuildFile; fileRef = 418F84322648B07E003F8520 /* HyperVMouse.cpp */; };
		418F84352648B07F003F8520 /* HyperVMouse.hpp in Headers */ = {isa = PBXBuildFile; fileRef = 418F84332648B07E003F8520 /* HyperVMouse.hpp */; };
		418F843D2648BA38003F8520 /* HyperVStorage.cpp in Sources */ = {isa = PBXBuildFile; fileRef = 418F843B2648BA38003F8520 /* HyperVStorage.cpp */; };
		418F843E2648BA38003F8520 /* HyperVStorage.hpp in Headers */ = {isa = PBXBuildFile; fileRef = 418F843C2648BA38003F8520 /* HyperVStorage.hpp */; };
		419B88C2263F0169005A9977 /* Hypercalls.cpp in Sources */ = {isa = PBXBuildFile; fileRef = 419B88C1263F0169005A9977 /* Hypercalls.cpp */; };
		419B88C5263F1F85005A9977 /* VMBus.cpp in Sources */ = {isa = PBXBuildFile; fileRef = 419B88C4263F1F85005A9977 /* VMBus.cpp */; };
		41B41BDD26C74B4C00926A0D /* HyperVNetwork.cpp in Sources */ = {isa = PBXBuildFile; fileRef = 41B41BDB26C74B4C00926A0D /* HyperVNetwork.cpp */; };
		41B41BDE26C74B4C00926A0D /* HyperVNetwork.hpp in Headers */ = {isa = PBXBuildFile; fileRef = 41B41BDC26C74B4C00926A0D /* HyperVNetwork.hpp */; };
		41B41BE426C84A9F00926A0D /* HyperVNetworkPrivate.cpp in Sources */ = {isa = PBXBuildFile; fileRef = 41B41BE326C84A9F00926A0D /* HyperVNetworkPrivate.cpp */; };
		41B41BE726CDC42D00926A0D /* HyperVNetworkRNDIS.cpp in Sources */ = {isa = PBXBuildFile; fileRef = 41B41BE626CDC42D00926A0D /* HyperVNetworkRNDIS.cpp */; };
		41BE411A263EDFAF0018C52B /* HyperVVMBusController.cpp in Sources */ = {isa = PBXBuildFile; fileRef = 41BE4118263EDFAF0018C52B /* HyperVVMBusController.cpp */; };
		41BE411B263EDFAF0018C52B /* HyperVVMBusController.hpp in Headers */ = {isa = PBXBuildFile; fileRef = 41BE4119263EDFAF0018C52B /* HyperVVMBusController.hpp */; };
		41BF45D8288CDF1200813670 /* HyperVModuleDevice.hpp in Headers */ = {isa = PBXBuildFile; fileRef = 41F9B8FE284BA20700E0DCB2 /* HyperVModuleDevice.hpp */; };
		41BF45D9288CDF1200813670 /* kern_compat.hpp in Headers */ = {isa = PBXBuildFile; fileRef = 41F2E3F12665B42200CE26CE /* kern_compat.hpp */; };
		41BF45DA288CDF1200813670 /* arm.h in Headers */ = {isa = PBXBuildFile; fileRef = 41F2E3EA2665B42200CE26CE /* arm.h */; };
		41BF45DB288CDF1200813670 /* HyperVPlatformProvider.hpp in Headers */ = {isa = PBXBuildFile; fileRef = 41F2E42C2665B64D00CE26CE /* HyperVPlatformProvider.hpp */; };
		41BF45DC288CDF1200813670 /* kern_devinfo.hpp in Headers */ = {isa = PBXBuildFile; fileRef = 41F2E3D82665B42100CE26CE /* kern_devinfo.hpp */; };
		41BF45DD288CDF1200813670 /* hde64.h in Headers */ = {isa = PBXBuildFile; fileRef = 41F2E3D42665B42100CE26CE /* hde64.h */; };
		41BF45DE288CDF1200813670 /* arm64.h in Headers */ = {isa = PBXBuildFile; fileRef = 41F2E3ED2665B42200CE26CE /* arm64.h */; };
		41BF45DF288CDF1200813670 /* sparc.h in Headers */ = {isa = PBXBuildFile; fileRef = 41F2E3E82665B42200CE26CE /* sparc.h */; };
		41BF45E0288CDF1200813670 /* platform.h in Headers */ = {isa = PBXBuildFile; fileRef = 41F2E3EF2665B42200CE26CE /* platform.h */; };
		41BF45E1288CDF1200813670 /* HyperVICService.hpp in Headers */ = {isa = PBXBuildFile; fileRef = 418F052126483C8300E1D14C /* HyperVICService.hpp */; };
		41BF45E2288CDF1200813670 /* ppc.h in Headers */ = {isa = PBXBuildFile; fileRef = 41F2E3EC2665B42200CE26CE /* ppc.h */; };
		41BF45E3288CDF1200813670 /* kern_version.hpp in Headers */ = {isa = PBXBuildFile; fileRef = 41F2E3E02665B42200CE26CE /* kern_version.hpp */; };
		41BF45E4288CDF1200813670 /* HyperVGraphics.hpp in Headers */ = {isa = PBXBuildFile; fileRef = 41F2E43B2666E6A100CE26CE /* HyperVGraphics.hpp */; };
		41BF45E5288CDF1200813670 /* kern_util.hpp in Headers */ = {isa = PBXBuildFile; fileRef = 41F2E3F32665B42200CE26CE /* kern_util.hpp */; };
		41BF45E6288CDF1200813670 /* kern_crypto.hpp in Headers */ = {isa = PBXBuildFile; fileRef = 41F2E3DE2665B42100CE26CE /* kern_crypto.hpp */; };
		41BF45E7288CDF1200813670 /* kern_time.hpp in Headers */ = {isa = PBXBuildFile; fileRef = 41F2E3D52665B42100CE26CE /* kern_time.hpp */; };
		41BF45E8288CDF1200813670 /* HyperVPCIBridge.hpp in Headers */ = {isa = PBXBuildFile; fileRef = 41F9B8EF2849792200E0DCB2 /* HyperVPCIBridge.hpp */; };
		41BF45E9288CDF1200813670 /* kern_policy.hpp in Headers */ = {isa = PBXBuildFile; fileRef = 41F2E3DA2665B42100CE26CE /* kern_policy.hpp */; };
		41BF45EA288CDF1200813670 /* HyperVVMBusController.hpp in Headers */ = {isa = PBXBuildFile; fileRef = 41BE4119263EDFAF0018C52B /* HyperVVMBusController.hpp */; };
		41BF45EB288CDF1200813670 /* kern_iokit.hpp in Headers */ = {isa = PBXBuildFile; fileRef = 41F2E3DD2665B42100CE26CE /* kern_iokit.hpp */; };
		41BF45EC288CDF1200813670 /* kern_patcher.hpp in Headers */ = {isa = PBXBuildFile; fileRef = 41F2E3F02665B42200CE26CE /* kern_patcher.hpp */; };
		41BF45ED288CDF1200813670 /* HyperVPCIProvider.hpp in Headers */ = {isa = PBXBuildFile; fileRef = 41F2E44A2666F37B00CE26CE /* HyperVPCIProvider.hpp */; };
		41BF45EE288CDF1200813670 /* x86.h in Headers */ = {isa = PBXBuildFile; fileRef = 41F2E3EB2665B42200CE26CE /* x86.h */; };
		41BF45EF288CDF1200813670 /* plugin_start.hpp in Headers */ = {isa = PBXBuildFile; fileRef = 41F2E3DC2665B42100CE26CE /* plugin_start.hpp */; };
		41BF45F0288CDF1200813670 /* capstone.h in Headers */ = {isa = PBXBuildFile; fileRef = 41F2E3E62665B42200CE26CE /* capstone.h */; };
		41BF45F1288CDF1200813670 /* HyperVNetwork.hpp in Headers */ = {isa = PBXBuildFile; fileRef = 41B41BDC26C74B4C00926A0D /* HyperVNetwork.hpp */; };
		41BF45F2288CDF1200813670 /* kern_config.hpp in Headers */ = {isa = PBXBuildFile; fileRef = 41F2E3D32665B42100CE26CE /* kern_config.hpp */; };
		41BF45F3288CDF1200813670 /* kern_nvram.hpp in Headers */ = {isa = PBXBuildFile; fileRef = 41F2E3D62665B42100CE26CE /* kern_nvram.hpp */; };
		41BF45F4288CDF1200813670 /* HyperVKeyboard.hpp in Headers */ = {isa = PBXBuildFile; fileRef = 418219652648607600619C15 /* HyperVKeyboard.hpp */; };
		41BF45F5288CDF1200813670 /* HyperVVMBusDevice.hpp in Headers */ = {isa = PBXBuildFile; fileRef = 41225F502644C34300574E86 /* HyperVVMBusDevice.hpp */; };
		41BF45F6288CDF1200813670 /* xcore.h in Headers */ = {isa = PBXBuildFile; fileRef = 41F2E3EE2665B42200CE26CE /* xcore.h */; };
		41BF45F7288CDF1200813670 /* mips.h in Headers */ = {isa = PBXBuildFile; fileRef = 41F2E3E72665B42200CE26CE /* mips.h */; };
		41BF45F8288CDF1200813670 /* HyperVMouse.hpp in Headers */ = {isa = PBXBuildFile; fileRef = 418F84332648B07E003F8520 /* HyperVMouse.hpp */; };
		41BF45F9288CDF1200813670 /* SynICProcessor.hpp in Headers */ = {isa = PBXBuildFile; fileRef = 41225F3B2642086300574E86 /* SynICProcessor.hpp */; };
		41BF45FA288CDF1200813670 /* kern_file.hpp in Headers */ = {isa = PBXBuildFile; fileRef = 41F2E3E22665B42200CE26CE /* kern_file.hpp */; };
		41BF45FB288CDF1200813670 /* HyperVShutdown.hpp in Headers */ = {isa = PBXBuildFile; fileRef = 418F052B2648451200E1D14C /* HyperVShutdown.hpp */; };
		41BF45FC288CDF1200813670 /* kern_user.hpp in Headers */ = {isa = PBXBuildFile; fileRef = 41F2E3DB2665B42100CE26CE /* kern_user.hpp */; };
		41BF45FD288CDF1200813670 /* HyperVHeartbeat.hpp in Headers */ = {isa = PBXBuildFile; fileRef = 41225F562644D98500574E86 /* HyperVHeartbeat.hpp */; };
		41BF45FE288CDF1200813670 /* HyperVPCIRoot.hpp in Headers */ = {isa = PBXBuildFile; fileRef = 41F2E45B26683B2C00CE26CE /* HyperVPCIRoot.hpp */; };
		41BF45FF288CDF1200813670 /* kern_disasm.hpp in Headers */ = {isa = PBXBuildFile; fileRef = 41F2E3E42665B42200CE26CE /* kern_disasm.hpp */; };
		41BF4600288CDF1200813670 /* kern_compression.hpp in Headers */ = {isa = PBXBuildFile; fileRef = 41F2E3E12665B42200CE26CE /* kern_compression.hpp */; };
		41BF4601288CDF1200813670 /* kern_efi.hpp in Headers */ = {isa = PBXBuildFile; fileRef = 41F2E3D92665B42100CE26CE /* kern_efi.hpp */; };
		41BF4602288CDF1200813670 /* kern_api.hpp in Headers */ = {isa = PBXBuildFile; fileRef = 41F2E3F22665B42200CE26CE /* kern_api.hpp */; };
		41BF4603288CDF1200813670 /* kern_cpu.hpp in Headers */ = {isa = PBXBuildFile; fileRef = 41F2E3D72665B42100CE26CE /* kern_cpu.hpp */; };
		41BF4604288CDF1200813670 /* HyperVStorage.hpp in Headers */ = {isa = PBXBuildFile; fileRef = 418F843C2648BA38003F8520 /* HyperVStorage.hpp */; };
		41BF4605288CDF1200813670 /* kern_rtc.hpp in Headers */ = {isa = PBXBuildFile; fileRef = 41F2E3E32665B42200CE26CE /* kern_rtc.hpp */; };
		41BF4606288CDF1200813670 /* systemz.h in Headers */ = {isa = PBXBuildFile; fileRef = 41F2E3E92665B42200CE26CE /* systemz.h */; };
		41BF4607288CDF1200813670 /* kern_mach.hpp in Headers */ = {isa = PBXBuildFile; fileRef = 41F2E3DF2665B42100CE26CE /* kern_mach.hpp */; };
		41BF4609288CDF1200813670 /* HyperVPCIRoot.cpp in Sources */ = {isa = PBXBuildFile; fileRef = 41F2E45A26683B2B00CE26CE /* HyperVPCIRoot.cpp */; };
		41BF460A288CDF1200813670 /* plugin_start.cpp in Sources */ = {isa = PBXBuildFile; fileRef = 41F2E41B2665B42900CE26CE /* plugin_start.cpp */; };
		41BF460B288CDF1200813670 /* kern_start.cpp in Sources */ = {isa = PBXBuildFile; fileRef = 41F2E4272665B4C100CE26CE /* kern_start.cpp */; };
		41BF460C288CDF1200813670 /* HyperVMouse.cpp in Sources */ = {isa = PBXBuildFile; fileRef = 418F84322648B07E003F8520 /* HyperVMouse.cpp */; };
		41BF460D288CDF1200813670 /* VMBus.cpp in Sources */ = {isa = PBXBuildFile; fileRef = 419B88C4263F1F85005A9977 /* VMBus.cpp */; };
		41BF460E288CDF1200813670 /* HyperVShutdown.cpp in Sources */ = {isa = PBXBuildFile; fileRef = 418F052A2648451200E1D14C /* HyperVShutdown.cpp */; };
		41BF460F288CDF1200813670 /* HyperVKeyboard.cpp in Sources */ = {isa = PBXBuildFile; fileRef = 418219642648607600619C15 /* HyperVKeyboard.cpp */; };
		41BF4610288CDF1200813670 /* HyperVPCIBridgePrivate.cpp in Sources */ = {isa = PBXBuildFile; fileRef = 41F9B8F7284983FF00E0DCB2 /* HyperVPCIBridgePrivate.cpp */; };
		41BF4611288CDF1200813670 /* HyperVVMBusDevice.cpp in Sources */ = {isa = PBXBuildFile; fileRef = 41225F4F2644C34300574E86 /* HyperVVMBusDevice.cpp */; };
		41BF4612288CDF1200813670 /* SynICProcessor.cpp in Sources */ = {isa = PBXBuildFile; fileRef = 41225F3A2642086300574E86 /* SynICProcessor.cpp */; };
		41BF4613288CDF1200813670 /* Hypercalls.cpp in Sources */ = {isa = PBXBuildFile; fileRef = 419B88C1263F0169005A9977 /* Hypercalls.cpp */; };
		41BF4614288CDF1200813670 /* HyperVICService.cpp in Sources */ = {isa = PBXBuildFile; fileRef = 418F052026483C8300E1D14C /* HyperVICService.cpp */; };
		41BF4615288CDF1200813670 /* HyperVMousePrivate.cpp in Sources */ = {isa = PBXBuildFile; fileRef = 416E418D2651E42E006DED6D /* HyperVMousePrivate.cpp */; };
		41BF4616288CDF1200813670 /* HyperVVMBusController.cpp in Sources */ = {isa = PBXBuildFile; fileRef = 41BE4118263EDFAF0018C52B /* HyperVVMBusController.cpp */; };
		41BF4617288CDF1200813670 /* HyperVStoragePrivate.cpp in Sources */ = {isa = PBXBuildFile; fileRef = 416E417E264A0D5D006DED6D /* HyperVStoragePrivate.cpp */; };
		41BF4618288CDF1200813670 /* HyperVGraphics.cpp in Sources */ = {isa = PBXBuildFile; fileRef = 41F2E43A2666E6A100CE26CE /* HyperVGraphics.cpp */; };
		41BF4619288CDF1200813670 /* SynIC.cpp in Sources */ = {isa = PBXBuildFile; fileRef = 41E2EC77263F894300BBE18F /* SynIC.cpp */; };
		41BF461A288CDF1200813670 /* HyperVVMBusDevicePrivate.cpp in Sources */ = {isa = PBXBuildFile; fileRef = 416E429C265751CC006DED6D /* HyperVVMBusDevicePrivate.cpp */; };
		41BF461B288CDF1200813670 /* HyperVPCIProvider.cpp in Sources */ = {isa = PBXBuildFile; fileRef = 41F2E4492666F37B00CE26CE /* HyperVPCIProvider.cpp */; };
		41BF461C288CDF1200813670 /* HyperVModuleDevice.cpp in Sources */ = {isa = PBXBuildFile; fileRef = 41F9B8FD284BA20700E0DCB2 /* HyperVModuleDevice.cpp */; };
		41BF461D288CDF1200813670 /* HyperVStorage.cpp in Sources */ = {isa = PBXBuildFile; fileRef = 418F843B2648BA38003F8520 /* HyperVStorage.cpp */; };
		41BF461E288CDF1200813670 /* HyperVPlatformProvider.cpp in Sources */ = {isa = PBXBuildFile; fileRef = 41F2E42B2665B64D00CE26CE /* HyperVPlatformProvider.cpp */; };
		41BF461F288CDF1200813670 /* HyperVNetworkPrivate.cpp in Sources */ = {isa = PBXBuildFile; fileRef = 41B41BE326C84A9F00926A0D /* HyperVNetworkPrivate.cpp */; };
		41BF4620288CDF1200813670 /* HyperVHeartbeat.cpp in Sources */ = {isa = PBXBuildFile; fileRef = 41225F552644D98500574E86 /* HyperVHeartbeat.cpp */; };
		41BF4621288CDF1200813670 /* HyperVNetwork.cpp in Sources */ = {isa = PBXBuildFile; fileRef = 41B41BDB26C74B4C00926A0D /* HyperVNetwork.cpp */; };
		41BF4622288CDF1200813670 /* HyperVNetworkRNDIS.cpp in Sources */ = {isa = PBXBuildFile; fileRef = 41B41BE626CDC42D00926A0D /* HyperVNetworkRNDIS.cpp */; };
		41BF4623288CDF1200813670 /* HyperVPCIBridge.cpp in Sources */ = {isa = PBXBuildFile; fileRef = 41F9B8EE2849792200E0DCB2 /* HyperVPCIBridge.cpp */; };
		41BF4624288CDF1200813670 /* VMBusChannel.cpp in Sources */ = {isa = PBXBuildFile; fileRef = 41078472264603F1005894D4 /* VMBusChannel.cpp */; };
		41BF462F289209EA00813670 /* HyperVShutdownUserClient.cpp in Sources */ = {isa = PBXBuildFile; fileRef = 41BF462D289209EA00813670 /* HyperVShutdownUserClient.cpp */; };
		41BF4630289209EA00813670 /* HyperVShutdownUserClient.cpp in Sources */ = {isa = PBXBuildFile; fileRef = 41BF462D289209EA00813670 /* HyperVShutdownUserClient.cpp */; };
		41BF4631289209EA00813670 /* HyperVShutdownUserClientInternal.hpp in Headers */ = {isa = PBXBuildFile; fileRef = 41BF462E289209EA00813670 /* HyperVShutdownUserClientInternal.hpp */; };
		41BF4632289209EA00813670 /* HyperVShutdownUserClientInternal.hpp in Headers */ = {isa = PBXBuildFile; fileRef = 41BF462E289209EA00813670 /* HyperVShutdownUserClientInternal.hpp */; };
		41E2EC78263F894300BBE18F /* SynIC.cpp in Sources */ = {isa = PBXBuildFile; fileRef = 41E2EC77263F894300BBE18F /* SynIC.cpp */; };
		41F2E3F42665B42200CE26CE /* kern_config.hpp in Headers */ = {isa = PBXBuildFile; fileRef = 41F2E3D32665B42100CE26CE /* kern_config.hpp */; };
		41F2E3F52665B42200CE26CE /* hde64.h in Headers */ = {isa = PBXBuildFile; fileRef = 41F2E3D42665B42100CE26CE /* hde64.h */; };
		41F2E3F62665B42200CE26CE /* kern_time.hpp in Headers */ = {isa = PBXBuildFile; fileRef = 41F2E3D52665B42100CE26CE /* kern_time.hpp */; };
		41F2E3F72665B42200CE26CE /* kern_nvram.hpp in Headers */ = {isa = PBXBuildFile; fileRef = 41F2E3D62665B42100CE26CE /* kern_nvram.hpp */; };
		41F2E3F82665B42200CE26CE /* kern_cpu.hpp in Headers */ = {isa = PBXBuildFile; fileRef = 41F2E3D72665B42100CE26CE /* kern_cpu.hpp */; };
		41F2E3F92665B42200CE26CE /* kern_devinfo.hpp in Headers */ = {isa = PBXBuildFile; fileRef = 41F2E3D82665B42100CE26CE /* kern_devinfo.hpp */; };
		41F2E3FA2665B42200CE26CE /* kern_efi.hpp in Headers */ = {isa = PBXBuildFile; fileRef = 41F2E3D92665B42100CE26CE /* kern_efi.hpp */; };
		41F2E3FB2665B42200CE26CE /* kern_policy.hpp in Headers */ = {isa = PBXBuildFile; fileRef = 41F2E3DA2665B42100CE26CE /* kern_policy.hpp */; };
		41F2E3FC2665B42200CE26CE /* kern_user.hpp in Headers */ = {isa = PBXBuildFile; fileRef = 41F2E3DB2665B42100CE26CE /* kern_user.hpp */; };
		41F2E3FD2665B42200CE26CE /* plugin_start.hpp in Headers */ = {isa = PBXBuildFile; fileRef = 41F2E3DC2665B42100CE26CE /* plugin_start.hpp */; };
		41F2E3FE2665B42200CE26CE /* kern_iokit.hpp in Headers */ = {isa = PBXBuildFile; fileRef = 41F2E3DD2665B42100CE26CE /* kern_iokit.hpp */; };
		41F2E3FF2665B42200CE26CE /* kern_crypto.hpp in Headers */ = {isa = PBXBuildFile; fileRef = 41F2E3DE2665B42100CE26CE /* kern_crypto.hpp */; };
		41F2E4002665B42200CE26CE /* kern_mach.hpp in Headers */ = {isa = PBXBuildFile; fileRef = 41F2E3DF2665B42100CE26CE /* kern_mach.hpp */; };
		41F2E4012665B42200CE26CE /* kern_version.hpp in Headers */ = {isa = PBXBuildFile; fileRef = 41F2E3E02665B42200CE26CE /* kern_version.hpp */; };
		41F2E4022665B42200CE26CE /* kern_compression.hpp in Headers */ = {isa = PBXBuildFile; fileRef = 41F2E3E12665B42200CE26CE /* kern_compression.hpp */; };
		41F2E4032665B42200CE26CE /* kern_file.hpp in Headers */ = {isa = PBXBuildFile; fileRef = 41F2E3E22665B42200CE26CE /* kern_file.hpp */; };
		41F2E4042665B42200CE26CE /* kern_rtc.hpp in Headers */ = {isa = PBXBuildFile; fileRef = 41F2E3E32665B42200CE26CE /* kern_rtc.hpp */; };
		41F2E4052665B42200CE26CE /* kern_disasm.hpp in Headers */ = {isa = PBXBuildFile; fileRef = 41F2E3E42665B42200CE26CE /* kern_disasm.hpp */; };
		41F2E4062665B42200CE26CE /* capstone.h in Headers */ = {isa = PBXBuildFile; fileRef = 41F2E3E62665B42200CE26CE /* capstone.h */; };
		41F2E4072665B42200CE26CE /* mips.h in Headers */ = {isa = PBXBuildFile; fileRef = 41F2E3E72665B42200CE26CE /* mips.h */; };
		41F2E4082665B42200CE26CE /* sparc.h in Headers */ = {isa = PBXBuildFile; fileRef = 41F2E3E82665B42200CE26CE /* sparc.h */; };
		41F2E4092665B42200CE26CE /* systemz.h in Headers */ = {isa = PBXBuildFile; fileRef = 41F2E3E92665B42200CE26CE /* systemz.h */; };
		41F2E40A2665B42200CE26CE /* arm.h in Headers */ = {isa = PBXBuildFile; fileRef = 41F2E3EA2665B42200CE26CE /* arm.h */; };
		41F2E40B2665B42200CE26CE /* x86.h in Headers */ = {isa = PBXBuildFile; fileRef = 41F2E3EB2665B42200CE26CE /* x86.h */; };
		41F2E40C2665B42200CE26CE /* ppc.h in Headers */ = {isa = PBXBuildFile; fileRef = 41F2E3EC2665B42200CE26CE /* ppc.h */; };
		41F2E40D2665B42200CE26CE /* arm64.h in Headers */ = {isa = PBXBuildFile; fileRef = 41F2E3ED2665B42200CE26CE /* arm64.h */; };
		41F2E40E2665B42200CE26CE /* xcore.h in Headers */ = {isa = PBXBuildFile; fileRef = 41F2E3EE2665B42200CE26CE /* xcore.h */; };
		41F2E40F2665B42200CE26CE /* platform.h in Headers */ = {isa = PBXBuildFile; fileRef = 41F2E3EF2665B42200CE26CE /* platform.h */; };
		41F2E4102665B42200CE26CE /* kern_patcher.hpp in Headers */ = {isa = PBXBuildFile; fileRef = 41F2E3F02665B42200CE26CE /* kern_patcher.hpp */; };
		41F2E4112665B42200CE26CE /* kern_compat.hpp in Headers */ = {isa = PBXBuildFile; fileRef = 41F2E3F12665B42200CE26CE /* kern_compat.hpp */; };
		41F2E4122665B42200CE26CE /* kern_api.hpp in Headers */ = {isa = PBXBuildFile; fileRef = 41F2E3F22665B42200CE26CE /* kern_api.hpp */; };
		41F2E4132665B42200CE26CE /* kern_util.hpp in Headers */ = {isa = PBXBuildFile; fileRef = 41F2E3F32665B42200CE26CE /* kern_util.hpp */; };
		41F2E4202665B42900CE26CE /* plugin_start.cpp in Sources */ = {isa = PBXBuildFile; fileRef = 41F2E41B2665B42900CE26CE /* plugin_start.cpp */; };
		41F2E4282665B4C100CE26CE /* kern_start.cpp in Sources */ = {isa = PBXBuildFile; fileRef = 41F2E4272665B4C100CE26CE /* kern_start.cpp */; };
		41F2E42D2665B64D00CE26CE /* HyperVPlatformProvider.cpp in Sources */ = {isa = PBXBuildFile; fileRef = 41F2E42B2665B64D00CE26CE /* HyperVPlatformProvider.cpp */; };
		41F2E42E2665B64D00CE26CE /* HyperVPlatformProvider.hpp in Headers */ = {isa = PBXBuildFile; fileRef = 41F2E42C2665B64D00CE26CE /* HyperVPlatformProvider.hpp */; };
		41F2E43C2666E6A100CE26CE /* HyperVGraphics.cpp in Sources */ = {isa = PBXBuildFile; fileRef = 41F2E43A2666E6A100CE26CE /* HyperVGraphics.cpp */; };
		41F2E43D2666E6A100CE26CE /* HyperVGraphics.hpp in Headers */ = {isa = PBXBuildFile; fileRef = 41F2E43B2666E6A100CE26CE /* HyperVGraphics.hpp */; };
		41F2E44B2666F37B00CE26CE /* HyperVPCIProvider.cpp in Sources */ = {isa = PBXBuildFile; fileRef = 41F2E4492666F37B00CE26CE /* HyperVPCIProvider.cpp */; };
		41F2E44C2666F37B00CE26CE /* HyperVPCIProvider.hpp in Headers */ = {isa = PBXBuildFile; fileRef = 41F2E44A2666F37B00CE26CE /* HyperVPCIProvider.hpp */; };
		41F2E45C26683B2C00CE26CE /* HyperVPCIRoot.cpp in Sources */ = {isa = PBXBuildFile; fileRef = 41F2E45A26683B2B00CE26CE /* HyperVPCIRoot.cpp */; };
		41F2E45D26683B2C00CE26CE /* HyperVPCIRoot.hpp in Headers */ = {isa = PBXBuildFile; fileRef = 41F2E45B26683B2C00CE26CE /* HyperVPCIRoot.hpp */; };
		41F9B8F02849792200E0DCB2 /* HyperVPCIBridge.cpp in Sources */ = {isa = PBXBuildFile; fileRef = 41F9B8EE2849792200E0DCB2 /* HyperVPCIBridge.cpp */; };
		41F9B8F12849792200E0DCB2 /* HyperVPCIBridge.hpp in Headers */ = {isa = PBXBuildFile; fileRef = 41F9B8EF2849792200E0DCB2 /* HyperVPCIBridge.hpp */; };
		41F9B8F8284983FF00E0DCB2 /* HyperVPCIBridgePrivate.cpp in Sources */ = {isa = PBXBuildFile; fileRef = 41F9B8F7284983FF00E0DCB2 /* HyperVPCIBridgePrivate.cpp */; };
		41F9B8FF284BA20700E0DCB2 /* HyperVModuleDevice.cpp in Sources */ = {isa = PBXBuildFile; fileRef = 41F9B8FD284BA20700E0DCB2 /* HyperVModuleDevice.cpp */; };
		41F9B900284BA20700E0DCB2 /* HyperVModuleDevice.hpp in Headers */ = {isa = PBXBuildFile; fileRef = 41F9B8FE284BA20700E0DCB2 /* HyperVModuleDevice.hpp */; };
/* End PBXBuildFile section */

/* Begin PBXCopyFilesBuildPhase section */
		417C97902892184C00CFE0B2 /* CopyFiles */ = {
			isa = PBXCopyFilesBuildPhase;
			buildActionMask = 2147483647;
			dstPath = /usr/share/man/man1/;
			dstSubfolderSpec = 0;
			files = (
			);
			runOnlyForDeploymentPostprocessing = 1;
		};
/* End PBXCopyFilesBuildPhase section */

/* Begin PBXFileReference section */
		410784702645FF17005894D4 /* HyperVVMBusInternal.hpp */ = {isa = PBXFileReference; lastKnownFileType = sourcecode.cpp.h; path = HyperVVMBusInternal.hpp; sourceTree = "<group>"; };
		41078472264603F1005894D4 /* VMBusChannel.cpp */ = {isa = PBXFileReference; lastKnownFileType = sourcecode.cpp.cpp; path = VMBusChannel.cpp; sourceTree = "<group>"; };
		41225F3A2642086300574E86 /* SynICProcessor.cpp */ = {isa = PBXFileReference; lastKnownFileType = sourcecode.cpp.cpp; path = SynICProcessor.cpp; sourceTree = "<group>"; };
		41225F3B2642086300574E86 /* SynICProcessor.hpp */ = {isa = PBXFileReference; lastKnownFileType = sourcecode.cpp.h; path = SynICProcessor.hpp; sourceTree = "<group>"; };
		41225F4226422D1600574E86 /* VMBus.hpp */ = {isa = PBXFileReference; lastKnownFileType = sourcecode.cpp.h; path = VMBus.hpp; sourceTree = "<group>"; };
		41225F4D2643993400574E86 /* HyperV.hpp */ = {isa = PBXFileReference; lastKnownFileType = sourcecode.cpp.h; path = HyperV.hpp; sourceTree = "<group>"; };
		41225F4F2644C34300574E86 /* HyperVVMBusDevice.cpp */ = {isa = PBXFileReference; lastKnownFileType = sourcecode.cpp.cpp; path = HyperVVMBusDevice.cpp; sourceTree = "<group>"; };
		41225F502644C34300574E86 /* HyperVVMBusDevice.hpp */ = {isa = PBXFileReference; lastKnownFileType = sourcecode.cpp.h; path = HyperVVMBusDevice.hpp; sourceTree = "<group>"; };
		41225F552644D98500574E86 /* HyperVHeartbeat.cpp */ = {isa = PBXFileReference; lastKnownFileType = sourcecode.cpp.cpp; path = HyperVHeartbeat.cpp; sourceTree = "<group>"; };
		41225F562644D98500574E86 /* HyperVHeartbeat.hpp */ = {isa = PBXFileReference; lastKnownFileType = sourcecode.cpp.h; path = HyperVHeartbeat.hpp; sourceTree = "<group>"; };
		416E417E264A0D5D006DED6D /* HyperVStoragePrivate.cpp */ = {isa = PBXFileReference; lastKnownFileType = sourcecode.cpp.cpp; path = HyperVStoragePrivate.cpp; sourceTree = "<group>"; };
		416E418D2651E42E006DED6D /* HyperVMousePrivate.cpp */ = {isa = PBXFileReference; lastKnownFileType = sourcecode.cpp.cpp; path = HyperVMousePrivate.cpp; sourceTree = "<group>"; };
		416E429C265751CC006DED6D /* HyperVVMBusDevicePrivate.cpp */ = {isa = PBXFileReference; lastKnownFileType = sourcecode.cpp.cpp; path = HyperVVMBusDevicePrivate.cpp; sourceTree = "<group>"; };
		417C978B28920FB400CFE0B2 /* HyperVShutdownUserClient.h */ = {isa = PBXFileReference; lastKnownFileType = sourcecode.c.h; path = HyperVShutdownUserClient.h; sourceTree = "<group>"; };
		417C97922892184C00CFE0B2 /* hvshutdown */ = {isa = PBXFileReference; explicitFileType = "compiled.mach-o.executable"; includeInIndex = 0; path = hvshutdown; sourceTree = BUILT_PRODUCTS_DIR; };
		417C97942892184C00CFE0B2 /* hvshutdown.c */ = {isa = PBXFileReference; lastKnownFileType = sourcecode.c.c; path = hvshutdown.c; sourceTree = "<group>"; };
		418219642648607600619C15 /* HyperVKeyboard.cpp */ = {isa = PBXFileReference; lastKnownFileType = sourcecode.cpp.cpp; path = HyperVKeyboard.cpp; sourceTree = "<group>"; };
		418219652648607600619C15 /* HyperVKeyboard.hpp */ = {isa = PBXFileReference; lastKnownFileType = sourcecode.cpp.h; path = HyperVKeyboard.hpp; sourceTree = "<group>"; };
		418219692648659B00619C15 /* HyperVKeyboardRegs.hpp */ = {isa = PBXFileReference; lastKnownFileType = sourcecode.cpp.h; path = HyperVKeyboardRegs.hpp; sourceTree = "<group>"; };
		418F051D2647223E00E1D14C /* VMBusDriver.hpp */ = {isa = PBXFileReference; lastKnownFileType = sourcecode.cpp.h; path = VMBusDriver.hpp; sourceTree = "<group>"; };
		418F052026483C8300E1D14C /* HyperVICService.cpp */ = {isa = PBXFileReference; lastKnownFileType = sourcecode.cpp.cpp; path = HyperVICService.cpp; sourceTree = "<group>"; };
		418F052126483C8300E1D14C /* HyperVICService.hpp */ = {isa = PBXFileReference; lastKnownFileType = sourcecode.cpp.h; path = HyperVICService.hpp; sourceTree = "<group>"; };
		418F052726483CAE00E1D14C /* HyperVIC.hpp */ = {isa = PBXFileReference; lastKnownFileType = sourcecode.cpp.h; path = HyperVIC.hpp; sourceTree = "<group>"; };
		418F052A2648451200E1D14C /* HyperVShutdown.cpp */ = {isa = PBXFileReference; lastKnownFileType = sourcecode.cpp.cpp; path = HyperVShutdown.cpp; sourceTree = "<group>"; };
		418F052B2648451200E1D14C /* HyperVShutdown.hpp */ = {isa = PBXFileReference; lastKnownFileType = sourcecode.cpp.h; path = HyperVShutdown.hpp; sourceTree = "<group>"; };
		418F842E2648A885003F8520 /* HyperVADBMap.hpp */ = {isa = PBXFileReference; lastKnownFileType = sourcecode.cpp.h; path = HyperVADBMap.hpp; sourceTree = "<group>"; };
		418F84322648B07E003F8520 /* HyperVMouse.cpp */ = {isa = PBXFileReference; lastKnownFileType = sourcecode.cpp.cpp; path = HyperVMouse.cpp; sourceTree = "<group>"; };
		418F84332648B07E003F8520 /* HyperVMouse.hpp */ = {isa = PBXFileReference; lastKnownFileType = sourcecode.cpp.h; path = HyperVMouse.hpp; sourceTree = "<group>"; };
		418F84382648B108003F8520 /* HyperVMouseRegs.hpp */ = {isa = PBXFileReference; lastKnownFileType = sourcecode.cpp.h; path = HyperVMouseRegs.hpp; sourceTree = "<group>"; };
		418F843B2648BA38003F8520 /* HyperVStorage.cpp */ = {isa = PBXFileReference; lastKnownFileType = sourcecode.cpp.cpp; path = HyperVStorage.cpp; sourceTree = "<group>"; };
		418F843C2648BA38003F8520 /* HyperVStorage.hpp */ = {isa = PBXFileReference; lastKnownFileType = sourcecode.cpp.h; path = HyperVStorage.hpp; sourceTree = "<group>"; };
		418F84412648BA88003F8520 /* HyperVStorageRegs.hpp */ = {isa = PBXFileReference; lastKnownFileType = sourcecode.cpp.h; path = HyperVStorageRegs.hpp; sourceTree = "<group>"; };
		419B88C1263F0169005A9977 /* Hypercalls.cpp */ = {isa = PBXFileReference; lastKnownFileType = sourcecode.cpp.cpp; path = Hypercalls.cpp; sourceTree = "<group>"; };
		419B88C4263F1F85005A9977 /* VMBus.cpp */ = {isa = PBXFileReference; lastKnownFileType = sourcecode.cpp.cpp; path = VMBus.cpp; sourceTree = "<group>"; };
		41B371732896CD5F00D348B5 /* hvdebug.h */ = {isa = PBXFileReference; lastKnownFileType = sourcecode.c.h; path = hvdebug.h; sourceTree = "<group>"; };
		41B41BDB26C74B4C00926A0D /* HyperVNetwork.cpp */ = {isa = PBXFileReference; lastKnownFileType = sourcecode.cpp.cpp; path = HyperVNetwork.cpp; sourceTree = "<group>"; };
		41B41BDC26C74B4C00926A0D /* HyperVNetwork.hpp */ = {isa = PBXFileReference; lastKnownFileType = sourcecode.cpp.h; path = HyperVNetwork.hpp; sourceTree = "<group>"; };
		41B41BE126C80DEC00926A0D /* HyperVNetworkRegs.hpp */ = {isa = PBXFileReference; lastKnownFileType = sourcecode.cpp.h; path = HyperVNetworkRegs.hpp; sourceTree = "<group>"; };
		41B41BE326C84A9F00926A0D /* HyperVNetworkPrivate.cpp */ = {isa = PBXFileReference; lastKnownFileType = sourcecode.cpp.cpp; path = HyperVNetworkPrivate.cpp; sourceTree = "<group>"; };
		41B41BE626CDC42D00926A0D /* HyperVNetworkRNDIS.cpp */ = {isa = PBXFileReference; lastKnownFileType = sourcecode.cpp.cpp; path = HyperVNetworkRNDIS.cpp; sourceTree = "<group>"; };
		41BE4104263EDE380018C52B /* MacHyperVSupport.kext */ = {isa = PBXFileReference; explicitFileType = wrapper.cfbundle; includeInIndex = 0; path = MacHyperVSupport.kext; sourceTree = BUILT_PRODUCTS_DIR; };
		41BE410B263EDE380018C52B /* Info.plist */ = {isa = PBXFileReference; lastKnownFileType = text.plist.xml; path = Info.plist; sourceTree = "<group>"; };
		41BE4113263EDEA10018C52B /* libkmod.a */ = {isa = PBXFileReference; lastKnownFileType = archive.ar; name = libkmod.a; path = MacKernelSDK/Library/x86_64/libkmod.a; sourceTree = "<group>"; };
		41BE4118263EDFAF0018C52B /* HyperVVMBusController.cpp */ = {isa = PBXFileReference; lastKnownFileType = sourcecode.cpp.cpp; path = HyperVVMBusController.cpp; sourceTree = "<group>"; };
		41BE4119263EDFAF0018C52B /* HyperVVMBusController.hpp */ = {isa = PBXFileReference; lastKnownFileType = sourcecode.cpp.h; path = HyperVVMBusController.hpp; sourceTree = "<group>"; };
		41BF462A288CDF1200813670 /* MacHyperVSupportMonterey.kext */ = {isa = PBXFileReference; explicitFileType = wrapper.cfbundle; includeInIndex = 0; path = MacHyperVSupportMonterey.kext; sourceTree = BUILT_PRODUCTS_DIR; };
		41BF462D289209EA00813670 /* HyperVShutdownUserClient.cpp */ = {isa = PBXFileReference; lastKnownFileType = sourcecode.cpp.cpp; path = HyperVShutdownUserClient.cpp; sourceTree = "<group>"; };
		41BF462E289209EA00813670 /* HyperVShutdownUserClientInternal.hpp */ = {isa = PBXFileReference; lastKnownFileType = sourcecode.cpp.h; path = HyperVShutdownUserClientInternal.hpp; sourceTree = "<group>"; };
		41E2EC77263F894300BBE18F /* SynIC.cpp */ = {isa = PBXFileReference; lastKnownFileType = sourcecode.cpp.cpp; path = SynIC.cpp; sourceTree = "<group>"; };
		41F2E3D32665B42100CE26CE /* kern_config.hpp */ = {isa = PBXFileReference; fileEncoding = 4; lastKnownFileType = sourcecode.cpp.h; path = kern_config.hpp; sourceTree = "<group>"; };
		41F2E3D42665B42100CE26CE /* hde64.h */ = {isa = PBXFileReference; fileEncoding = 4; lastKnownFileType = sourcecode.c.h; path = hde64.h; sourceTree = "<group>"; };
		41F2E3D52665B42100CE26CE /* kern_time.hpp */ = {isa = PBXFileReference; fileEncoding = 4; lastKnownFileType = sourcecode.cpp.h; path = kern_time.hpp; sourceTree = "<group>"; };
		41F2E3D62665B42100CE26CE /* kern_nvram.hpp */ = {isa = PBXFileReference; fileEncoding = 4; lastKnownFileType = sourcecode.cpp.h; path = kern_nvram.hpp; sourceTree = "<group>"; };
		41F2E3D72665B42100CE26CE /* kern_cpu.hpp */ = {isa = PBXFileReference; fileEncoding = 4; lastKnownFileType = sourcecode.cpp.h; path = kern_cpu.hpp; sourceTree = "<group>"; };
		41F2E3D82665B42100CE26CE /* kern_devinfo.hpp */ = {isa = PBXFileReference; fileEncoding = 4; lastKnownFileType = sourcecode.cpp.h; path = kern_devinfo.hpp; sourceTree = "<group>"; };
		41F2E3D92665B42100CE26CE /* kern_efi.hpp */ = {isa = PBXFileReference; fileEncoding = 4; lastKnownFileType = sourcecode.cpp.h; path = kern_efi.hpp; sourceTree = "<group>"; };
		41F2E3DA2665B42100CE26CE /* kern_policy.hpp */ = {isa = PBXFileReference; fileEncoding = 4; lastKnownFileType = sourcecode.cpp.h; path = kern_policy.hpp; sourceTree = "<group>"; };
		41F2E3DB2665B42100CE26CE /* kern_user.hpp */ = {isa = PBXFileReference; fileEncoding = 4; lastKnownFileType = sourcecode.cpp.h; path = kern_user.hpp; sourceTree = "<group>"; };
		41F2E3DC2665B42100CE26CE /* plugin_start.hpp */ = {isa = PBXFileReference; fileEncoding = 4; lastKnownFileType = sourcecode.cpp.h; path = plugin_start.hpp; sourceTree = "<group>"; };
		41F2E3DD2665B42100CE26CE /* kern_iokit.hpp */ = {isa = PBXFileReference; fileEncoding = 4; lastKnownFileType = sourcecode.cpp.h; path = kern_iokit.hpp; sourceTree = "<group>"; };
		41F2E3DE2665B42100CE26CE /* kern_crypto.hpp */ = {isa = PBXFileReference; fileEncoding = 4; lastKnownFileType = sourcecode.cpp.h; path = kern_crypto.hpp; sourceTree = "<group>"; };
		41F2E3DF2665B42100CE26CE /* kern_mach.hpp */ = {isa = PBXFileReference; fileEncoding = 4; lastKnownFileType = sourcecode.cpp.h; path = kern_mach.hpp; sourceTree = "<group>"; };
		41F2E3E02665B42200CE26CE /* kern_version.hpp */ = {isa = PBXFileReference; fileEncoding = 4; lastKnownFileType = sourcecode.cpp.h; path = kern_version.hpp; sourceTree = "<group>"; };
		41F2E3E12665B42200CE26CE /* kern_compression.hpp */ = {isa = PBXFileReference; fileEncoding = 4; lastKnownFileType = sourcecode.cpp.h; path = kern_compression.hpp; sourceTree = "<group>"; };
		41F2E3E22665B42200CE26CE /* kern_file.hpp */ = {isa = PBXFileReference; fileEncoding = 4; lastKnownFileType = sourcecode.cpp.h; path = kern_file.hpp; sourceTree = "<group>"; };
		41F2E3E32665B42200CE26CE /* kern_rtc.hpp */ = {isa = PBXFileReference; fileEncoding = 4; lastKnownFileType = sourcecode.cpp.h; path = kern_rtc.hpp; sourceTree = "<group>"; };
		41F2E3E42665B42200CE26CE /* kern_disasm.hpp */ = {isa = PBXFileReference; fileEncoding = 4; lastKnownFileType = sourcecode.cpp.h; path = kern_disasm.hpp; sourceTree = "<group>"; };
		41F2E3E62665B42200CE26CE /* capstone.h */ = {isa = PBXFileReference; fileEncoding = 4; lastKnownFileType = sourcecode.c.h; path = capstone.h; sourceTree = "<group>"; };
		41F2E3E72665B42200CE26CE /* mips.h */ = {isa = PBXFileReference; fileEncoding = 4; lastKnownFileType = sourcecode.c.h; path = mips.h; sourceTree = "<group>"; };
		41F2E3E82665B42200CE26CE /* sparc.h */ = {isa = PBXFileReference; fileEncoding = 4; lastKnownFileType = sourcecode.c.h; path = sparc.h; sourceTree = "<group>"; };
		41F2E3E92665B42200CE26CE /* systemz.h */ = {isa = PBXFileReference; fileEncoding = 4; lastKnownFileType = sourcecode.c.h; path = systemz.h; sourceTree = "<group>"; };
		41F2E3EA2665B42200CE26CE /* arm.h */ = {isa = PBXFileReference; fileEncoding = 4; lastKnownFileType = sourcecode.c.h; path = arm.h; sourceTree = "<group>"; };
		41F2E3EB2665B42200CE26CE /* x86.h */ = {isa = PBXFileReference; fileEncoding = 4; lastKnownFileType = sourcecode.c.h; path = x86.h; sourceTree = "<group>"; };
		41F2E3EC2665B42200CE26CE /* ppc.h */ = {isa = PBXFileReference; fileEncoding = 4; lastKnownFileType = sourcecode.c.h; path = ppc.h; sourceTree = "<group>"; };
		41F2E3ED2665B42200CE26CE /* arm64.h */ = {isa = PBXFileReference; fileEncoding = 4; lastKnownFileType = sourcecode.c.h; path = arm64.h; sourceTree = "<group>"; };
		41F2E3EE2665B42200CE26CE /* xcore.h */ = {isa = PBXFileReference; fileEncoding = 4; lastKnownFileType = sourcecode.c.h; path = xcore.h; sourceTree = "<group>"; };
		41F2E3EF2665B42200CE26CE /* platform.h */ = {isa = PBXFileReference; fileEncoding = 4; lastKnownFileType = sourcecode.c.h; path = platform.h; sourceTree = "<group>"; };
		41F2E3F02665B42200CE26CE /* kern_patcher.hpp */ = {isa = PBXFileReference; fileEncoding = 4; lastKnownFileType = sourcecode.cpp.h; path = kern_patcher.hpp; sourceTree = "<group>"; };
		41F2E3F12665B42200CE26CE /* kern_compat.hpp */ = {isa = PBXFileReference; fileEncoding = 4; lastKnownFileType = sourcecode.cpp.h; path = kern_compat.hpp; sourceTree = "<group>"; };
		41F2E3F22665B42200CE26CE /* kern_api.hpp */ = {isa = PBXFileReference; fileEncoding = 4; lastKnownFileType = sourcecode.cpp.h; path = kern_api.hpp; sourceTree = "<group>"; };
		41F2E3F32665B42200CE26CE /* kern_util.hpp */ = {isa = PBXFileReference; fileEncoding = 4; lastKnownFileType = sourcecode.cpp.h; path = kern_util.hpp; sourceTree = "<group>"; };
		41F2E4172665B42900CE26CE /* entry64.S */ = {isa = PBXFileReference; fileEncoding = 4; lastKnownFileType = sourcecode.asm; path = entry64.S; sourceTree = "<group>"; };
		41F2E4182665B42900CE26CE /* build.tool */ = {isa = PBXFileReference; fileEncoding = 4; lastKnownFileType = text.script.sh; path = build.tool; sourceTree = "<group>"; };
		41F2E4192665B42900CE26CE /* entry32.S */ = {isa = PBXFileReference; fileEncoding = 4; lastKnownFileType = sourcecode.asm; path = entry32.S; sourceTree = "<group>"; };
		41F2E41A2665B42900CE26CE /* wrappers.inc */ = {isa = PBXFileReference; fileEncoding = 4; lastKnownFileType = sourcecode.pascal; path = wrappers.inc; sourceTree = "<group>"; };
		41F2E41B2665B42900CE26CE /* plugin_start.cpp */ = {isa = PBXFileReference; fileEncoding = 4; lastKnownFileType = sourcecode.cpp.cpp; path = plugin_start.cpp; sourceTree = "<group>"; };
		41F2E4272665B4C100CE26CE /* kern_start.cpp */ = {isa = PBXFileReference; lastKnownFileType = sourcecode.cpp.cpp; path = kern_start.cpp; sourceTree = "<group>"; };
		41F2E42B2665B64D00CE26CE /* HyperVPlatformProvider.cpp */ = {isa = PBXFileReference; lastKnownFileType = sourcecode.cpp.cpp; path = HyperVPlatformProvider.cpp; sourceTree = "<group>"; };
		41F2E42C2665B64D00CE26CE /* HyperVPlatformProvider.hpp */ = {isa = PBXFileReference; lastKnownFileType = sourcecode.cpp.h; path = HyperVPlatformProvider.hpp; sourceTree = "<group>"; };
		41F2E43A2666E6A100CE26CE /* HyperVGraphics.cpp */ = {isa = PBXFileReference; lastKnownFileType = sourcecode.cpp.cpp; path = HyperVGraphics.cpp; sourceTree = "<group>"; };
		41F2E43B2666E6A100CE26CE /* HyperVGraphics.hpp */ = {isa = PBXFileReference; lastKnownFileType = sourcecode.cpp.h; path = HyperVGraphics.hpp; sourceTree = "<group>"; };
		41F2E4492666F37B00CE26CE /* HyperVPCIProvider.cpp */ = {isa = PBXFileReference; lastKnownFileType = sourcecode.cpp.cpp; path = HyperVPCIProvider.cpp; sourceTree = "<group>"; };
		41F2E44A2666F37B00CE26CE /* HyperVPCIProvider.hpp */ = {isa = PBXFileReference; lastKnownFileType = sourcecode.cpp.h; path = HyperVPCIProvider.hpp; sourceTree = "<group>"; };
		41F2E45A26683B2B00CE26CE /* HyperVPCIRoot.cpp */ = {isa = PBXFileReference; lastKnownFileType = sourcecode.cpp.cpp; path = HyperVPCIRoot.cpp; sourceTree = "<group>"; };
		41F2E45B26683B2C00CE26CE /* HyperVPCIRoot.hpp */ = {isa = PBXFileReference; lastKnownFileType = sourcecode.cpp.h; path = HyperVPCIRoot.hpp; sourceTree = "<group>"; };
		41F9B8EE2849792200E0DCB2 /* HyperVPCIBridge.cpp */ = {isa = PBXFileReference; lastKnownFileType = sourcecode.cpp.cpp; path = HyperVPCIBridge.cpp; sourceTree = "<group>"; };
		41F9B8EF2849792200E0DCB2 /* HyperVPCIBridge.hpp */ = {isa = PBXFileReference; lastKnownFileType = sourcecode.cpp.h; path = HyperVPCIBridge.hpp; sourceTree = "<group>"; };
		41F9B8F7284983FF00E0DCB2 /* HyperVPCIBridgePrivate.cpp */ = {isa = PBXFileReference; lastKnownFileType = sourcecode.cpp.cpp; path = HyperVPCIBridgePrivate.cpp; sourceTree = "<group>"; };
		41F9B8FA2849846700E0DCB2 /* HyperVPCIBridgeRegs.hpp */ = {isa = PBXFileReference; lastKnownFileType = sourcecode.cpp.h; path = HyperVPCIBridgeRegs.hpp; sourceTree = "<group>"; };
		41F9B8FD284BA20700E0DCB2 /* HyperVModuleDevice.cpp */ = {isa = PBXFileReference; lastKnownFileType = sourcecode.cpp.cpp; path = HyperVModuleDevice.cpp; sourceTree = "<group>"; };
		41F9B8FE284BA20700E0DCB2 /* HyperVModuleDevice.hpp */ = {isa = PBXFileReference; lastKnownFileType = sourcecode.cpp.h; path = HyperVModuleDevice.hpp; sourceTree = "<group>"; };
		41F9B903284BA4AB00E0DCB2 /* AppleACPIRange.hpp */ = {isa = PBXFileReference; lastKnownFileType = sourcecode.cpp.h; path = AppleACPIRange.hpp; sourceTree = "<group>"; };
/* End PBXFileReference section */

/* Begin PBXFrameworksBuildPhase section */
		417C978F2892184C00CFE0B2 /* Frameworks */ = {
			isa = PBXFrameworksBuildPhase;
			buildActionMask = 2147483647;
			files = (
			);
			runOnlyForDeploymentPostprocessing = 0;
		};
		41BE4101263EDE370018C52B /* Frameworks */ = {
			isa = PBXFrameworksBuildPhase;
			buildActionMask = 2147483647;
			files = (
			);
			runOnlyForDeploymentPostprocessing = 0;
		};
		41BF4625288CDF1200813670 /* Frameworks */ = {
			isa = PBXFrameworksBuildPhase;
			buildActionMask = 2147483647;
			files = (
			);
			runOnlyForDeploymentPostprocessing = 0;
		};
/* End PBXFrameworksBuildPhase section */

/* Begin PBXGroup section */
		41225F5A2645F53000574E86 /* VMBusDevice */ = {
			isa = PBXGroup;
			children = (
				41225F4F2644C34300574E86 /* HyperVVMBusDevice.cpp */,
				41225F502644C34300574E86 /* HyperVVMBusDevice.hpp */,
				416E429C265751CC006DED6D /* HyperVVMBusDevicePrivate.cpp */,
			);
			path = VMBusDevice;
			sourceTree = "<group>";
		};
		417C978C289217CA00CFE0B2 /* Tools */ = {
			isa = PBXGroup;
			children = (
				41B371732896CD5F00D348B5 /* hvdebug.h */,
				417C97932892184C00CFE0B2 /* hvshutdown */,
			);
			path = Tools;
			sourceTree = "<group>";
		};
		417C97932892184C00CFE0B2 /* hvshutdown */ = {
			isa = PBXGroup;
			children = (
				417C97942892184C00CFE0B2 /* hvshutdown.c */,
			);
			path = hvshutdown;
			sourceTree = "<group>";
		};
		418219632648605D00619C15 /* Keyboard */ = {
			isa = PBXGroup;
			children = (
				418219642648607600619C15 /* HyperVKeyboard.cpp */,
				418219652648607600619C15 /* HyperVKeyboard.hpp */,
				418219692648659B00619C15 /* HyperVKeyboardRegs.hpp */,
				418F842E2648A885003F8520 /* HyperVADBMap.hpp */,
			);
			path = Keyboard;
			sourceTree = "<group>";
		};
		418F051F26483C3C00E1D14C /* IntegrationComponents */ = {
			isa = PBXGroup;
			children = (
				41225F552644D98500574E86 /* HyperVHeartbeat.cpp */,
				41225F562644D98500574E86 /* HyperVHeartbeat.hpp */,
				418F052726483CAE00E1D14C /* HyperVIC.hpp */,
				418F052026483C8300E1D14C /* HyperVICService.cpp */,
				418F052126483C8300E1D14C /* HyperVICService.hpp */,
				41B3717228960AA000D348B5 /* Shutdown */,
			);
			path = IntegrationComponents;
			sourceTree = "<group>";
		};
		418F84312648B06E003F8520 /* Mouse */ = {
			isa = PBXGroup;
			children = (
				418F84322648B07E003F8520 /* HyperVMouse.cpp */,
				418F84332648B07E003F8520 /* HyperVMouse.hpp */,
				418F84382648B108003F8520 /* HyperVMouseRegs.hpp */,
				416E418D2651E42E006DED6D /* HyperVMousePrivate.cpp */,
			);
			path = Mouse;
			sourceTree = "<group>";
		};
		418F843A2648B9AA003F8520 /* Storage */ = {
			isa = PBXGroup;
			children = (
				418F843B2648BA38003F8520 /* HyperVStorage.cpp */,
				418F843C2648BA38003F8520 /* HyperVStorage.hpp */,
				418F84412648BA88003F8520 /* HyperVStorageRegs.hpp */,
				416E417E264A0D5D006DED6D /* HyperVStoragePrivate.cpp */,
			);
			path = Storage;
			sourceTree = "<group>";
		};
		41B3717228960AA000D348B5 /* Shutdown */ = {
			isa = PBXGroup;
			children = (
				418F052A2648451200E1D14C /* HyperVShutdown.cpp */,
				418F052B2648451200E1D14C /* HyperVShutdown.hpp */,
				41BF462D289209EA00813670 /* HyperVShutdownUserClient.cpp */,
				417C978B28920FB400CFE0B2 /* HyperVShutdownUserClient.h */,
				41BF462E289209EA00813670 /* HyperVShutdownUserClientInternal.hpp */,
			);
			path = Shutdown;
			sourceTree = "<group>";
		};
		41B41BDA26C74B2700926A0D /* Network */ = {
			isa = PBXGroup;
			children = (
				41B41BDB26C74B4C00926A0D /* HyperVNetwork.cpp */,
				41B41BDC26C74B4C00926A0D /* HyperVNetwork.hpp */,
				41B41BE126C80DEC00926A0D /* HyperVNetworkRegs.hpp */,
				41B41BE626CDC42D00926A0D /* HyperVNetworkRNDIS.cpp */,
				41B41BE326C84A9F00926A0D /* HyperVNetworkPrivate.cpp */,
			);
			path = Network;
			sourceTree = "<group>";
		};
		41BE40FA263EDE370018C52B = {
			isa = PBXGroup;
			children = (
				41BE4112263EDEA10018C52B /* Frameworks */,
				41F2E3D12665B41200CE26CE /* LiluSDK */,
				41BE4106263EDE380018C52B /* MacHyperVSupport */,
				41BE4105263EDE380018C52B /* Products */,
				417C978C289217CA00CFE0B2 /* Tools */,
			);
			sourceTree = "<group>";
		};
		41BE4105263EDE380018C52B /* Products */ = {
			isa = PBXGroup;
			children = (
				41BE4104263EDE380018C52B /* MacHyperVSupport.kext */,
				41BF462A288CDF1200813670 /* MacHyperVSupportMonterey.kext */,
				417C97922892184C00CFE0B2 /* hvshutdown */,
			);
			name = Products;
			sourceTree = "<group>";
		};
		41BE4106263EDE380018C52B /* MacHyperVSupport */ = {
			isa = PBXGroup;
			children = (
				41BE410B263EDE380018C52B /* Info.plist */,
				41F2E4272665B4C100CE26CE /* kern_start.cpp */,
				41F2E4392666E62F00CE26CE /* Graphics */,
				418F051F26483C3C00E1D14C /* IntegrationComponents */,
				418219632648605D00619C15 /* Keyboard */,
				41F9B8FC284BA1D900E0DCB2 /* ModuleDevice */,
				418F84312648B06E003F8520 /* Mouse */,
				41B41BDA26C74B2700926A0D /* Network */,
				41F9B8ED284978EF00E0DCB2 /* PCIBridge */,
				41F2E45926683AF900CE26CE /* PCIRoot */,
				41F2E42A2665B61800CE26CE /* PlatformProvider */,
				418F843A2648B9AA003F8520 /* Storage */,
				41BE411E263EEAFF0018C52B /* VMBusController */,
				41225F5A2645F53000574E86 /* VMBusDevice */,
			);
			path = MacHyperVSupport;
			sourceTree = "<group>";
		};
		41BE4112263EDEA10018C52B /* Frameworks */ = {
			isa = PBXGroup;
			children = (
				41BE4113263EDEA10018C52B /* libkmod.a */,
			);
			name = Frameworks;
			sourceTree = "<group>";
		};
		41BE411E263EEAFF0018C52B /* VMBusController */ = {
			isa = PBXGroup;
			children = (
				419B88C1263F0169005A9977 /* Hypercalls.cpp */,
				41225F4D2643993400574E86 /* HyperV.hpp */,
				41BE4118263EDFAF0018C52B /* HyperVVMBusController.cpp */,
				41BE4119263EDFAF0018C52B /* HyperVVMBusController.hpp */,
				410784702645FF17005894D4 /* HyperVVMBusInternal.hpp */,
				41E2EC77263F894300BBE18F /* SynIC.cpp */,
				41225F3A2642086300574E86 /* SynICProcessor.cpp */,
				41225F3B2642086300574E86 /* SynICProcessor.hpp */,
				419B88C4263F1F85005A9977 /* VMBus.cpp */,
				41225F4226422D1600574E86 /* VMBus.hpp */,
				41078472264603F1005894D4 /* VMBusChannel.cpp */,
				418F051D2647223E00E1D14C /* VMBusDriver.hpp */,
			);
			path = VMBusController;
			sourceTree = "<group>";
		};
		41F2E3D12665B41200CE26CE /* LiluSDK */ = {
			isa = PBXGroup;
			children = (
				41F2E3D22665B42100CE26CE /* Headers */,
				41F2E4152665B42900CE26CE /* Library */,
			);
			name = LiluSDK;
			sourceTree = "<group>";
		};
		41F2E3D22665B42100CE26CE /* Headers */ = {
			isa = PBXGroup;
			children = (
				41F2E3D32665B42100CE26CE /* kern_config.hpp */,
				41F2E3D42665B42100CE26CE /* hde64.h */,
				41F2E3D52665B42100CE26CE /* kern_time.hpp */,
				41F2E3D62665B42100CE26CE /* kern_nvram.hpp */,
				41F2E3D72665B42100CE26CE /* kern_cpu.hpp */,
				41F2E3D82665B42100CE26CE /* kern_devinfo.hpp */,
				41F2E3D92665B42100CE26CE /* kern_efi.hpp */,
				41F2E3DA2665B42100CE26CE /* kern_policy.hpp */,
				41F2E3DB2665B42100CE26CE /* kern_user.hpp */,
				41F2E3DC2665B42100CE26CE /* plugin_start.hpp */,
				41F2E3DD2665B42100CE26CE /* kern_iokit.hpp */,
				41F2E3DE2665B42100CE26CE /* kern_crypto.hpp */,
				41F2E3DF2665B42100CE26CE /* kern_mach.hpp */,
				41F2E3E02665B42200CE26CE /* kern_version.hpp */,
				41F2E3E12665B42200CE26CE /* kern_compression.hpp */,
				41F2E3E22665B42200CE26CE /* kern_file.hpp */,
				41F2E3E32665B42200CE26CE /* kern_rtc.hpp */,
				41F2E3E42665B42200CE26CE /* kern_disasm.hpp */,
				41F2E3E52665B42200CE26CE /* capstone */,
				41F2E3F02665B42200CE26CE /* kern_patcher.hpp */,
				41F2E3F12665B42200CE26CE /* kern_compat.hpp */,
				41F2E3F22665B42200CE26CE /* kern_api.hpp */,
				41F2E3F32665B42200CE26CE /* kern_util.hpp */,
			);
			name = Headers;
			path = Lilu.kext/Contents/Resources/Headers;
			sourceTree = "<group>";
		};
		41F2E3E52665B42200CE26CE /* capstone */ = {
			isa = PBXGroup;
			children = (
				41F2E3E62665B42200CE26CE /* capstone.h */,
				41F2E3E72665B42200CE26CE /* mips.h */,
				41F2E3E82665B42200CE26CE /* sparc.h */,
				41F2E3E92665B42200CE26CE /* systemz.h */,
				41F2E3EA2665B42200CE26CE /* arm.h */,
				41F2E3EB2665B42200CE26CE /* x86.h */,
				41F2E3EC2665B42200CE26CE /* ppc.h */,
				41F2E3ED2665B42200CE26CE /* arm64.h */,
				41F2E3EE2665B42200CE26CE /* xcore.h */,
				41F2E3EF2665B42200CE26CE /* platform.h */,
			);
			path = capstone;
			sourceTree = "<group>";
		};
		41F2E4152665B42900CE26CE /* Library */ = {
			isa = PBXGroup;
			children = (
				41F2E4162665B42900CE26CE /* wrappers */,
				41F2E41B2665B42900CE26CE /* plugin_start.cpp */,
			);
			name = Library;
			path = Lilu.kext/Contents/Resources/Library;
			sourceTree = "<group>";
		};
		41F2E4162665B42900CE26CE /* wrappers */ = {
			isa = PBXGroup;
			children = (
				41F2E4172665B42900CE26CE /* entry64.S */,
				41F2E4182665B42900CE26CE /* build.tool */,
				41F2E4192665B42900CE26CE /* entry32.S */,
				41F2E41A2665B42900CE26CE /* wrappers.inc */,
			);
			path = wrappers;
			sourceTree = "<group>";
		};
		41F2E42A2665B61800CE26CE /* PlatformProvider */ = {
			isa = PBXGroup;
			children = (
				41F2E42B2665B64D00CE26CE /* HyperVPlatformProvider.cpp */,
				41F2E42C2665B64D00CE26CE /* HyperVPlatformProvider.hpp */,
			);
			path = PlatformProvider;
			sourceTree = "<group>";
		};
		41F2E4392666E62F00CE26CE /* Graphics */ = {
			isa = PBXGroup;
			children = (
				41F2E43A2666E6A100CE26CE /* HyperVGraphics.cpp */,
				41F2E43B2666E6A100CE26CE /* HyperVGraphics.hpp */,
			);
			path = Graphics;
			sourceTree = "<group>";
		};
		41F2E45926683AF900CE26CE /* PCIRoot */ = {
			isa = PBXGroup;
			children = (
				41F9B903284BA4AB00E0DCB2 /* AppleACPIRange.hpp */,
				41F2E4492666F37B00CE26CE /* HyperVPCIProvider.cpp */,
				41F2E44A2666F37B00CE26CE /* HyperVPCIProvider.hpp */,
				41F2E45A26683B2B00CE26CE /* HyperVPCIRoot.cpp */,
				41F2E45B26683B2C00CE26CE /* HyperVPCIRoot.hpp */,
			);
			path = PCIRoot;
			sourceTree = "<group>";
		};
		41F9B8ED284978EF00E0DCB2 /* PCIBridge */ = {
			isa = PBXGroup;
			children = (
				41F9B8EE2849792200E0DCB2 /* HyperVPCIBridge.cpp */,
				41F9B8EF2849792200E0DCB2 /* HyperVPCIBridge.hpp */,
				41F9B8F7284983FF00E0DCB2 /* HyperVPCIBridgePrivate.cpp */,
				41F9B8FA2849846700E0DCB2 /* HyperVPCIBridgeRegs.hpp */,
			);
			path = PCIBridge;
			sourceTree = "<group>";
		};
		41F9B8FC284BA1D900E0DCB2 /* ModuleDevice */ = {
			isa = PBXGroup;
			children = (
				41F9B8FD284BA20700E0DCB2 /* HyperVModuleDevice.cpp */,
				41F9B8FE284BA20700E0DCB2 /* HyperVModuleDevice.hpp */,
			);
			path = ModuleDevice;
			sourceTree = "<group>";
		};
/* End PBXGroup section */

/* Begin PBXHeadersBuildPhase section */
		41BE40FF263EDE370018C52B /* Headers */ = {
			isa = PBXHeadersBuildPhase;
			buildActionMask = 2147483647;
			files = (
				41F9B900284BA20700E0DCB2 /* HyperVModuleDevice.hpp in Headers */,
				41F2E4112665B42200CE26CE /* kern_compat.hpp in Headers */,
				41F2E40A2665B42200CE26CE /* arm.h in Headers */,
				41F2E42E2665B64D00CE26CE /* HyperVPlatformProvider.hpp in Headers */,
				41F2E3F92665B42200CE26CE /* kern_devinfo.hpp in Headers */,
				41F2E3F52665B42200CE26CE /* hde64.h in Headers */,
				41F2E40D2665B42200CE26CE /* arm64.h in Headers */,
				41F2E4082665B42200CE26CE /* sparc.h in Headers */,
				41F2E40F2665B42200CE26CE /* platform.h in Headers */,
				418F052326483C8300E1D14C /* HyperVICService.hpp in Headers */,
				41F2E40C2665B42200CE26CE /* ppc.h in Headers */,
				41F2E4012665B42200CE26CE /* kern_version.hpp in Headers */,
				41F2E43D2666E6A100CE26CE /* HyperVGraphics.hpp in Headers */,
				41F2E4132665B42200CE26CE /* kern_util.hpp in Headers */,
				41F2E3FF2665B42200CE26CE /* kern_crypto.hpp in Headers */,
				41F2E3F62665B42200CE26CE /* kern_time.hpp in Headers */,
				41F9B8F12849792200E0DCB2 /* HyperVPCIBridge.hpp in Headers */,
				41F2E3FB2665B42200CE26CE /* kern_policy.hpp in Headers */,
				41BE411B263EDFAF0018C52B /* HyperVVMBusController.hpp in Headers */,
				41F2E3FE2665B42200CE26CE /* kern_iokit.hpp in Headers */,
				41F2E4102665B42200CE26CE /* kern_patcher.hpp in Headers */,
				41F2E44C2666F37B00CE26CE /* HyperVPCIProvider.hpp in Headers */,
				41F2E40B2665B42200CE26CE /* x86.h in Headers */,
				41F2E3FD2665B42200CE26CE /* plugin_start.hpp in Headers */,
				41F2E4062665B42200CE26CE /* capstone.h in Headers */,
				41B41BDE26C74B4C00926A0D /* HyperVNetwork.hpp in Headers */,
				41F2E3F42665B42200CE26CE /* kern_config.hpp in Headers */,
				41BF4631289209EA00813670 /* HyperVShutdownUserClientInternal.hpp in Headers */,
				41F2E3F72665B42200CE26CE /* kern_nvram.hpp in Headers */,
				418219672648607600619C15 /* HyperVKeyboard.hpp in Headers */,
				41225F522644C34300574E86 /* HyperVVMBusDevice.hpp in Headers */,
				41F2E40E2665B42200CE26CE /* xcore.h in Headers */,
				41F2E4072665B42200CE26CE /* mips.h in Headers */,
				418F84352648B07F003F8520 /* HyperVMouse.hpp in Headers */,
				41225F3D2642086300574E86 /* SynICProcessor.hpp in Headers */,
				41F2E4032665B42200CE26CE /* kern_file.hpp in Headers */,
				418F052D2648451200E1D14C /* HyperVShutdown.hpp in Headers */,
				41F2E3FC2665B42200CE26CE /* kern_user.hpp in Headers */,
				41225F582644D98500574E86 /* HyperVHeartbeat.hpp in Headers */,
				41F2E45D26683B2C00CE26CE /* HyperVPCIRoot.hpp in Headers */,
				41F2E4052665B42200CE26CE /* kern_disasm.hpp in Headers */,
				41F2E4022665B42200CE26CE /* kern_compression.hpp in Headers */,
				41F2E3FA2665B42200CE26CE /* kern_efi.hpp in Headers */,
				41F2E4122665B42200CE26CE /* kern_api.hpp in Headers */,
				41F2E3F82665B42200CE26CE /* kern_cpu.hpp in Headers */,
				418F843E2648BA38003F8520 /* HyperVStorage.hpp in Headers */,
				41F2E4042665B42200CE26CE /* kern_rtc.hpp in Headers */,
				41F2E4092665B42200CE26CE /* systemz.h in Headers */,
				41F2E4002665B42200CE26CE /* kern_mach.hpp in Headers */,
			);
			runOnlyForDeploymentPostprocessing = 0;
		};
		41BF45D7288CDF1200813670 /* Headers */ = {
			isa = PBXHeadersBuildPhase;
			buildActionMask = 2147483647;
			files = (
				41BF45D8288CDF1200813670 /* HyperVModuleDevice.hpp in Headers */,
				41BF45D9288CDF1200813670 /* kern_compat.hpp in Headers */,
				41BF45DA288CDF1200813670 /* arm.h in Headers */,
				41BF45DB288CDF1200813670 /* HyperVPlatformProvider.hpp in Headers */,
				41BF45DC288CDF1200813670 /* kern_devinfo.hpp in Headers */,
				41BF45DD288CDF1200813670 /* hde64.h in Headers */,
				41BF45DE288CDF1200813670 /* arm64.h in Headers */,
				41BF45DF288CDF1200813670 /* sparc.h in Headers */,
				41BF45E0288CDF1200813670 /* platform.h in Headers */,
				41BF45E1288CDF1200813670 /* HyperVICService.hpp in Headers */,
				41BF45E2288CDF1200813670 /* ppc.h in Headers */,
				41BF45E3288CDF1200813670 /* kern_version.hpp in Headers */,
				41BF45E4288CDF1200813670 /* HyperVGraphics.hpp in Headers */,
				41BF45E5288CDF1200813670 /* kern_util.hpp in Headers */,
				41BF45E6288CDF1200813670 /* kern_crypto.hpp in Headers */,
				41BF45E7288CDF1200813670 /* kern_time.hpp in Headers */,
				41BF45E8288CDF1200813670 /* HyperVPCIBridge.hpp in Headers */,
				41BF45E9288CDF1200813670 /* kern_policy.hpp in Headers */,
				41BF45EA288CDF1200813670 /* HyperVVMBusController.hpp in Headers */,
				41BF45EB288CDF1200813670 /* kern_iokit.hpp in Headers */,
				41BF45EC288CDF1200813670 /* kern_patcher.hpp in Headers */,
				41BF45ED288CDF1200813670 /* HyperVPCIProvider.hpp in Headers */,
				41BF45EE288CDF1200813670 /* x86.h in Headers */,
				41BF45EF288CDF1200813670 /* plugin_start.hpp in Headers */,
				41BF45F0288CDF1200813670 /* capstone.h in Headers */,
				41BF45F1288CDF1200813670 /* HyperVNetwork.hpp in Headers */,
				41BF45F2288CDF1200813670 /* kern_config.hpp in Headers */,
				41BF4632289209EA00813670 /* HyperVShutdownUserClientInternal.hpp in Headers */,
				41BF45F3288CDF1200813670 /* kern_nvram.hpp in Headers */,
				41BF45F4288CDF1200813670 /* HyperVKeyboard.hpp in Headers */,
				41BF45F5288CDF1200813670 /* HyperVVMBusDevice.hpp in Headers */,
				41BF45F6288CDF1200813670 /* xcore.h in Headers */,
				41BF45F7288CDF1200813670 /* mips.h in Headers */,
				41BF45F8288CDF1200813670 /* HyperVMouse.hpp in Headers */,
				41BF45F9288CDF1200813670 /* SynICProcessor.hpp in Headers */,
				41BF45FA288CDF1200813670 /* kern_file.hpp in Headers */,
				41BF45FB288CDF1200813670 /* HyperVShutdown.hpp in Headers */,
				41BF45FC288CDF1200813670 /* kern_user.hpp in Headers */,
				41BF45FD288CDF1200813670 /* HyperVHeartbeat.hpp in Headers */,
				41BF45FE288CDF1200813670 /* HyperVPCIRoot.hpp in Headers */,
				41BF45FF288CDF1200813670 /* kern_disasm.hpp in Headers */,
				41BF4600288CDF1200813670 /* kern_compression.hpp in Headers */,
				41BF4601288CDF1200813670 /* kern_efi.hpp in Headers */,
				41BF4602288CDF1200813670 /* kern_api.hpp in Headers */,
				41BF4603288CDF1200813670 /* kern_cpu.hpp in Headers */,
				41BF4604288CDF1200813670 /* HyperVStorage.hpp in Headers */,
				41BF4605288CDF1200813670 /* kern_rtc.hpp in Headers */,
				41BF4606288CDF1200813670 /* systemz.h in Headers */,
				41BF4607288CDF1200813670 /* kern_mach.hpp in Headers */,
			);
			runOnlyForDeploymentPostprocessing = 0;
		};
/* End PBXHeadersBuildPhase section */

/* Begin PBXNativeTarget section */
		417C97912892184C00CFE0B2 /* hvshutdown */ = {
			isa = PBXNativeTarget;
			buildConfigurationList = 417C97962892184C00CFE0B2 /* Build configuration list for PBXNativeTarget "hvshutdown" */;
			buildPhases = (
				417C978E2892184C00CFE0B2 /* Sources */,
				417C978F2892184C00CFE0B2 /* Frameworks */,
				417C97902892184C00CFE0B2 /* CopyFiles */,
			);
			buildRules = (
			);
			dependencies = (
			);
			name = hvshutdown;
			productName = hvshutdown;
			productReference = 417C97922892184C00CFE0B2 /* hvshutdown */;
			productType = "com.apple.product-type.tool";
		};
		41BE4103263EDE370018C52B /* MacHyperVSupport */ = {
			isa = PBXNativeTarget;
			buildConfigurationList = 41BE410E263EDE380018C52B /* Build configuration list for PBXNativeTarget "MacHyperVSupport" */;
			buildPhases = (
				41BE40FF263EDE370018C52B /* Headers */,
				41BE4100263EDE370018C52B /* Sources */,
				41BE4101263EDE370018C52B /* Frameworks */,
				41F2E38D265F154B00CE26CE /* Archive */,
			);
			buildRules = (
			);
			dependencies = (
			);
			name = MacHyperVSupport;
			productName = MacHyperVSupport;
			productReference = 41BE4104263EDE380018C52B /* MacHyperVSupport.kext */;
			productType = "com.apple.product-type.kernel-extension";
		};
		41BF45D6288CDF1200813670 /* MacHyperVSupportMonterey */ = {
			isa = PBXNativeTarget;
			buildConfigurationList = 41BF4627288CDF1200813670 /* Build configuration list for PBXNativeTarget "MacHyperVSupportMonterey" */;
			buildPhases = (
				41BF45D7288CDF1200813670 /* Headers */,
				41BF4608288CDF1200813670 /* Sources */,
				41BF4625288CDF1200813670 /* Frameworks */,
				41BF462C288CE0F800813670 /* Post-process Binary */,
			);
			buildRules = (
			);
			dependencies = (
			);
			name = MacHyperVSupportMonterey;
			productName = MacHyperVSupport;
			productReference = 41BF462A288CDF1200813670 /* MacHyperVSupportMonterey.kext */;
			productType = "com.apple.product-type.kernel-extension";
		};
/* End PBXNativeTarget section */

/* Begin PBXProject section */
		41BE40FB263EDE370018C52B /* Project object */ = {
			isa = PBXProject;
			attributes = {
				LastUpgradeCheck = 1240;
				TargetAttributes = {
					417C97912892184C00CFE0B2 = {
						CreatedOnToolsVersion = 13.4.1;
					};
					41BE4103263EDE370018C52B = {
						CreatedOnToolsVersion = 12.4;
					};
				};
			};
			buildConfigurationList = 41BE40FE263EDE370018C52B /* Build configuration list for PBXProject "MacHyperVSupport" */;
			compatibilityVersion = "Xcode 9.3";
			developmentRegion = en;
			hasScannedForEncodings = 0;
			knownRegions = (
				en,
				Base,
			);
			mainGroup = 41BE40FA263EDE370018C52B;
			productRefGroup = 41BE4105263EDE380018C52B /* Products */;
			projectDirPath = "";
			projectRoot = "";
			targets = (
				41BE4103263EDE370018C52B /* MacHyperVSupport */,
				41BF45D6288CDF1200813670 /* MacHyperVSupportMonterey */,
				417C97912892184C00CFE0B2 /* hvshutdown */,
			);
		};
/* End PBXProject section */

/* Begin PBXShellScriptBuildPhase section */
		41BF462C288CE0F800813670 /* Post-process Binary */ = {
			isa = PBXShellScriptBuildPhase;
			buildActionMask = 2147483647;
			files = (
			);
			inputFileListPaths = (
			);
			inputPaths = (
			);
			name = "Post-process Binary";
			outputFileListPaths = (
			);
			outputPaths = (
			);
			runOnlyForDeploymentPostprocessing = 0;
			shellPath = /bin/sh;
			shellScript = "cd \"${TARGET_BUILD_DIR}\"\n\nstrip -S \"${EXECUTABLE_PATH}\"\nif [ \"$CONFIGURATION\" == \"Release\" ]; then\n  strip -x -T \"${EXECUTABLE_PATH}\" &>/dev/null || strip -x \"${EXECUTABLE_PATH}\"\nfi\n\nif [ -z \"${OVERRIDE_PYTHON3}\" ]; then\n  # Use whatever is in PATH\n  OVERRIDE_PYTHON3=python3\nfi\n\nif [[ \"$ARCHS\" == *\"ACID32\"* ]]; then\n  \"${OVERRIDE_PYTHON3}\" ${SRCROOT}/clang32/fix-macho32 \"${EXECUTABLE_PATH}\" || exit 1\nfi\n";
		};
		41F2E38D265F154B00CE26CE /* Archive */ = {
			isa = PBXShellScriptBuildPhase;
			buildActionMask = 2147483647;
			files = (
			);
			inputFileListPaths = (
			);
			inputPaths = (
			);
			name = Archive;
			outputFileListPaths = (
			);
			outputPaths = (
			);
			runOnlyForDeploymentPostprocessing = 0;
			shellPath = /bin/sh;
			shellScript = "cd \"${TARGET_BUILD_DIR}\"\n\ndist=(\"$FULL_PRODUCT_NAME\")\ndist+=(\"MacHyperVSupportMonterey.kext\")\nif [ -d \"$DWARF_DSYM_FILE_NAME\" ]; then dist+=(\"$DWARF_DSYM_FILE_NAME\" \"MacHyperVSupportMonterey.kext.dSYM\"); fi\n\narchive=\"${PRODUCT_NAME}-${MODULE_VERSION}-$(echo $CONFIGURATION | tr /a-z/ /A-Z/).zip\"\nrm -rf *.zip\n\nstrip -S \"${EXECUTABLE_PATH}\"\nif [ \"$CONFIGURATION\" == \"Release\" ]; then\n  strip -x -T \"${EXECUTABLE_PATH}\" &>/dev/null || strip -x \"${EXECUTABLE_PATH}\"\nfi\n\nif [ -z \"${OVERRIDE_PYTHON3}\" ]; then\n  # Use whatever is in PATH\n  OVERRIDE_PYTHON3=python3\nfi\n\nif [[ \"$ARCHS\" == *\"ACID32\"* ]]; then\n  \"${OVERRIDE_PYTHON3}\" ${SRCROOT}/clang32/fix-macho32 \"${EXECUTABLE_PATH}\" || exit 1\nfi\n\nzip -qry -FS \"${archive}\" \"${dist[@]}\"\n";
		};
/* End PBXShellScriptBuildPhase section */

/* Begin PBXSourcesBuildPhase section */
		417C978E2892184C00CFE0B2 /* Sources */ = {
			isa = PBXSourcesBuildPhase;
			buildActionMask = 2147483647;
			files = (
				417C97952892184C00CFE0B2 /* hvshutdown.c in Sources */,
			);
			runOnlyForDeploymentPostprocessing = 0;
		};
		41BE4100263EDE370018C52B /* Sources */ = {
			isa = PBXSourcesBuildPhase;
			buildActionMask = 2147483647;
			files = (
				41F2E45C26683B2C00CE26CE /* HyperVPCIRoot.cpp in Sources */,
				41F2E4202665B42900CE26CE /* plugin_start.cpp in Sources */,
				41F2E4282665B4C100CE26CE /* kern_start.cpp in Sources */,
				418F84342648B07F003F8520 /* HyperVMouse.cpp in Sources */,
				419B88C5263F1F85005A9977 /* VMBus.cpp in Sources */,
				418F052C2648451200E1D14C /* HyperVShutdown.cpp in Sources */,
				418219662648607600619C15 /* HyperVKeyboard.cpp in Sources */,
				41F9B8F8284983FF00E0DCB2 /* HyperVPCIBridgePrivate.cpp in Sources */,
				41225F512644C34300574E86 /* HyperVVMBusDevice.cpp in Sources */,
				41225F3C2642086300574E86 /* SynICProcessor.cpp in Sources */,
				419B88C2263F0169005A9977 /* Hypercalls.cpp in Sources */,
				418F052226483C8300E1D14C /* HyperVICService.cpp in Sources */,
				416E418E2651E42E006DED6D /* HyperVMousePrivate.cpp in Sources */,
				41BE411A263EDFAF0018C52B /* HyperVVMBusController.cpp in Sources */,
				416E4180264A0D5D006DED6D /* HyperVStoragePrivate.cpp in Sources */,
				41F2E43C2666E6A100CE26CE /* HyperVGraphics.cpp in Sources */,
				41E2EC78263F894300BBE18F /* SynIC.cpp in Sources */,
				416E429D265751CC006DED6D /* HyperVVMBusDevicePrivate.cpp in Sources */,
				41F2E44B2666F37B00CE26CE /* HyperVPCIProvider.cpp in Sources */,
				41F9B8FF284BA20700E0DCB2 /* HyperVModuleDevice.cpp in Sources */,
				418F843D2648BA38003F8520 /* HyperVStorage.cpp in Sources */,
				41F2E42D2665B64D00CE26CE /* HyperVPlatformProvider.cpp in Sources */,
				41B41BE426C84A9F00926A0D /* HyperVNetworkPrivate.cpp in Sources */,
				41225F572644D98500574E86 /* HyperVHeartbeat.cpp in Sources */,
				41B41BDD26C74B4C00926A0D /* HyperVNetwork.cpp in Sources */,
				41B41BE726CDC42D00926A0D /* HyperVNetworkRNDIS.cpp in Sources */,
				41F9B8F02849792200E0DCB2 /* HyperVPCIBridge.cpp in Sources */,
				41078473264603F1005894D4 /* VMBusChannel.cpp in Sources */,
				41BF462F289209EA00813670 /* HyperVShutdownUserClient.cpp in Sources */,
			);
			runOnlyForDeploymentPostprocessing = 0;
		};
		41BF4608288CDF1200813670 /* Sources */ = {
			isa = PBXSourcesBuildPhase;
			buildActionMask = 2147483647;
			files = (
				41BF4609288CDF1200813670 /* HyperVPCIRoot.cpp in Sources */,
				41BF460A288CDF1200813670 /* plugin_start.cpp in Sources */,
				41BF460B288CDF1200813670 /* kern_start.cpp in Sources */,
				41BF460C288CDF1200813670 /* HyperVMouse.cpp in Sources */,
				41BF460D288CDF1200813670 /* VMBus.cpp in Sources */,
				41BF460E288CDF1200813670 /* HyperVShutdown.cpp in Sources */,
				41BF460F288CDF1200813670 /* HyperVKeyboard.cpp in Sources */,
				41BF4610288CDF1200813670 /* HyperVPCIBridgePrivate.cpp in Sources */,
				41BF4611288CDF1200813670 /* HyperVVMBusDevice.cpp in Sources */,
				41BF4612288CDF1200813670 /* SynICProcessor.cpp in Sources */,
				41BF4613288CDF1200813670 /* Hypercalls.cpp in Sources */,
				41BF4614288CDF1200813670 /* HyperVICService.cpp in Sources */,
				41BF4615288CDF1200813670 /* HyperVMousePrivate.cpp in Sources */,
				41BF4616288CDF1200813670 /* HyperVVMBusController.cpp in Sources */,
				41BF4617288CDF1200813670 /* HyperVStoragePrivate.cpp in Sources */,
				41BF4618288CDF1200813670 /* HyperVGraphics.cpp in Sources */,
				41BF4619288CDF1200813670 /* SynIC.cpp in Sources */,
				41BF461A288CDF1200813670 /* HyperVVMBusDevicePrivate.cpp in Sources */,
				41BF461B288CDF1200813670 /* HyperVPCIProvider.cpp in Sources */,
				41BF461C288CDF1200813670 /* HyperVModuleDevice.cpp in Sources */,
				41BF461D288CDF1200813670 /* HyperVStorage.cpp in Sources */,
				41BF461E288CDF1200813670 /* HyperVPlatformProvider.cpp in Sources */,
				41BF461F288CDF1200813670 /* HyperVNetworkPrivate.cpp in Sources */,
				41BF4620288CDF1200813670 /* HyperVHeartbeat.cpp in Sources */,
				41BF4621288CDF1200813670 /* HyperVNetwork.cpp in Sources */,
				41BF4622288CDF1200813670 /* HyperVNetworkRNDIS.cpp in Sources */,
				41BF4623288CDF1200813670 /* HyperVPCIBridge.cpp in Sources */,
				41BF4624288CDF1200813670 /* VMBusChannel.cpp in Sources */,
				41BF4630289209EA00813670 /* HyperVShutdownUserClient.cpp in Sources */,
			);
			runOnlyForDeploymentPostprocessing = 0;
		};
/* End PBXSourcesBuildPhase section */

/* Begin XCBuildConfiguration section */
		417C97972892184C00CFE0B2 /* Debug */ = {
			isa = XCBuildConfiguration;
			buildSettings = {
				CLANG_CXX_LANGUAGE_STANDARD = "gnu++17";
				CLANG_WARN_DOCUMENTATION_COMMENTS = YES;
				CODE_SIGN_STYLE = Automatic;
				COPY_PHASE_STRIP = NO;
				MACOSX_DEPLOYMENT_TARGET = 10.6;
				MTL_ENABLE_DEBUG_INFO = INCLUDE_SOURCE;
				MTL_FAST_MATH = YES;
				ONLY_ACTIVE_ARCH = YES;
				PRODUCT_NAME = "$(TARGET_NAME)";
			};
			name = Debug;
		};
		417C97982892184C00CFE0B2 /* Release */ = {
			isa = XCBuildConfiguration;
			buildSettings = {
				CLANG_CXX_LANGUAGE_STANDARD = "gnu++17";
				CLANG_WARN_DOCUMENTATION_COMMENTS = YES;
				CODE_SIGN_STYLE = Automatic;
				COPY_PHASE_STRIP = NO;
				MACOSX_DEPLOYMENT_TARGET = 10.6;
				MTL_ENABLE_DEBUG_INFO = NO;
				MTL_FAST_MATH = YES;
				PRODUCT_NAME = "$(TARGET_NAME)";
			};
			name = Release;
		};
		41BE410C263EDE380018C52B /* Debug */ = {
			isa = XCBuildConfiguration;
			buildSettings = {
				ALWAYS_SEARCH_USER_PATHS = NO;
				ARCHS = x86_64;
				CLANG_ANALYZER_NONNULL = YES;
				CLANG_ANALYZER_NUMBER_OBJECT_CONVERSION = YES_AGGRESSIVE;
				CLANG_CXX_LANGUAGE_STANDARD = "gnu++14";
				CLANG_ENABLE_MODULES = YES;
				CLANG_ENABLE_OBJC_ARC = YES;
				CLANG_ENABLE_OBJC_WEAK = YES;
				CLANG_WARN_BLOCK_CAPTURE_AUTORELEASING = YES;
				CLANG_WARN_BOOL_CONVERSION = YES;
				CLANG_WARN_COMMA = YES;
				CLANG_WARN_CONSTANT_CONVERSION = YES;
				CLANG_WARN_DEPRECATED_OBJC_IMPLEMENTATIONS = YES;
				CLANG_WARN_DIRECT_OBJC_ISA_USAGE = YES_ERROR;
				CLANG_WARN_DOCUMENTATION_COMMENTS = NO;
				CLANG_WARN_EMPTY_BODY = YES;
				CLANG_WARN_ENUM_CONVERSION = YES;
				CLANG_WARN_INFINITE_RECURSION = YES;
				CLANG_WARN_INT_CONVERSION = YES;
				CLANG_WARN_NON_LITERAL_NULL_CONVERSION = YES;
				CLANG_WARN_OBJC_IMPLICIT_RETAIN_SELF = YES;
				CLANG_WARN_OBJC_LITERAL_CONVERSION = YES;
				CLANG_WARN_OBJC_ROOT_CLASS = YES_ERROR;
				CLANG_WARN_QUOTED_INCLUDE_IN_FRAMEWORK_HEADER = YES;
				CLANG_WARN_RANGE_LOOP_ANALYSIS = YES;
				CLANG_WARN_STRICT_PROTOTYPES = YES;
				CLANG_WARN_SUSPICIOUS_MOVE = YES;
				CLANG_WARN_UNGUARDED_AVAILABILITY = YES_AGGRESSIVE;
				CLANG_WARN_UNREACHABLE_CODE = YES;
				CLANG_WARN__DUPLICATE_METHOD_MATCH = YES;
				"COMPILER_INDEX_STORE_ENABLE[arch=ACID32]" = NO;
				DEBUG_INFORMATION_FORMAT = dwarf;
				ENABLE_STRICT_OBJC_MSGSEND = YES;
				ENABLE_TESTABILITY = YES;
				GCC_C_LANGUAGE_STANDARD = gnu11;
				GCC_DYNAMIC_NO_PIC = NO;
				GCC_NO_COMMON_BLOCKS = YES;
				GCC_OPTIMIZATION_LEVEL = 0;
				GCC_PREPROCESSOR_DEFINITIONS = (
					"DEBUG=1",
					"$(inherited)",
				);
				GCC_WARN_64_TO_32_BIT_CONVERSION = YES;
				GCC_WARN_ABOUT_RETURN_TYPE = YES_ERROR;
				GCC_WARN_UNDECLARED_SELECTOR = YES;
				GCC_WARN_UNINITIALIZED_AUTOS = YES_AGGRESSIVE;
				GCC_WARN_UNUSED_FUNCTION = YES;
				GCC_WARN_UNUSED_VARIABLE = YES;
				HEADER_SEARCH_PATHS = "${PROJECT_DIR}/Lilu.kext/Contents/Resources";
				KERNEL_EXTENSION_HEADER_SEARCH_PATHS = "$(PROJECT_DIR)/MacKernelSDK/Headers";
				KERNEL_FRAMEWORK_HEADERS = "$(PROJECT_DIR)/MacKernelSDK/Headers";
				MACOSX_DEPLOYMENT_TARGET = 10.6;
				SDKROOT = macosx;
				VALID_ARCHS = "x86_64 ACID32";
			};
			name = Debug;
		};
		41BE410D263EDE380018C52B /* Release */ = {
			isa = XCBuildConfiguration;
			buildSettings = {
				ALWAYS_SEARCH_USER_PATHS = NO;
				ARCHS = x86_64;
				CLANG_ANALYZER_NONNULL = YES;
				CLANG_ANALYZER_NUMBER_OBJECT_CONVERSION = YES_AGGRESSIVE;
				CLANG_CXX_LANGUAGE_STANDARD = "gnu++14";
				CLANG_ENABLE_MODULES = YES;
				CLANG_ENABLE_OBJC_ARC = YES;
				CLANG_ENABLE_OBJC_WEAK = YES;
				CLANG_WARN_BLOCK_CAPTURE_AUTORELEASING = YES;
				CLANG_WARN_BOOL_CONVERSION = YES;
				CLANG_WARN_COMMA = YES;
				CLANG_WARN_CONSTANT_CONVERSION = YES;
				CLANG_WARN_DEPRECATED_OBJC_IMPLEMENTATIONS = YES;
				CLANG_WARN_DIRECT_OBJC_ISA_USAGE = YES_ERROR;
				CLANG_WARN_DOCUMENTATION_COMMENTS = NO;
				CLANG_WARN_EMPTY_BODY = YES;
				CLANG_WARN_ENUM_CONVERSION = YES;
				CLANG_WARN_INFINITE_RECURSION = YES;
				CLANG_WARN_INT_CONVERSION = YES;
				CLANG_WARN_NON_LITERAL_NULL_CONVERSION = YES;
				CLANG_WARN_OBJC_IMPLICIT_RETAIN_SELF = YES;
				CLANG_WARN_OBJC_LITERAL_CONVERSION = YES;
				CLANG_WARN_OBJC_ROOT_CLASS = YES_ERROR;
				CLANG_WARN_QUOTED_INCLUDE_IN_FRAMEWORK_HEADER = YES;
				CLANG_WARN_RANGE_LOOP_ANALYSIS = YES;
				CLANG_WARN_STRICT_PROTOTYPES = YES;
				CLANG_WARN_SUSPICIOUS_MOVE = YES;
				CLANG_WARN_UNGUARDED_AVAILABILITY = YES_AGGRESSIVE;
				CLANG_WARN_UNREACHABLE_CODE = YES;
				CLANG_WARN__DUPLICATE_METHOD_MATCH = YES;
				COMPILER_INDEX_STORE_ENABLE = YES;
				"COMPILER_INDEX_STORE_ENABLE[arch=ACID32]" = NO;
				DEBUG_INFORMATION_FORMAT = "dwarf-with-dsym";
				ENABLE_NS_ASSERTIONS = NO;
				ENABLE_STRICT_OBJC_MSGSEND = YES;
				GCC_C_LANGUAGE_STANDARD = gnu11;
				GCC_NO_COMMON_BLOCKS = YES;
				GCC_OPTIMIZATION_LEVEL = 3;
				GCC_WARN_64_TO_32_BIT_CONVERSION = YES;
				GCC_WARN_ABOUT_RETURN_TYPE = YES_ERROR;
				GCC_WARN_UNDECLARED_SELECTOR = YES;
				GCC_WARN_UNINITIALIZED_AUTOS = YES_AGGRESSIVE;
				GCC_WARN_UNUSED_FUNCTION = YES;
				GCC_WARN_UNUSED_VARIABLE = YES;
				HEADER_SEARCH_PATHS = "${PROJECT_DIR}/Lilu.kext/Contents/Resources";
				KERNEL_EXTENSION_HEADER_SEARCH_PATHS = "$(PROJECT_DIR)/MacKernelSDK/Headers";
				KERNEL_FRAMEWORK_HEADERS = "$(PROJECT_DIR)/MacKernelSDK/Headers";
				MACOSX_DEPLOYMENT_TARGET = 10.6;
				SDKROOT = macosx;
				VALID_ARCHS = "x86_64 ACID32";
			};
			name = Release;
		};
		41BE410F263EDE380018C52B /* Debug */ = {
			isa = XCBuildConfiguration;
			buildSettings = {
				CC = "$(inherited)";
				"CC[arch=ACID32]" = "$(PROJECT_DIR)/clang32/clang-12";
				CLANG_WARN_QUOTED_INCLUDE_IN_FRAMEWORK_HEADER = NO;
				CODE_SIGN_IDENTITY = "";
				CODE_SIGN_INJECT_BASE_ENTITLEMENTS = NO;
				CODE_SIGN_STYLE = Manual;
				COMBINE_HIDPI_IMAGES = YES;
				COPY_PHASE_STRIP = NO;
				CURRENT_PROJECT_VERSION = "$(MODULE_VERSION)";
				CXX = "$(inherited)";
				"CXX[arch=ACID32]" = "$(PROJECT_DIR)/clang32/clang-12";
				GCC_PREPROCESSOR_DEFINITIONS = (
					"$(inherited)",
					"MODULE_VERSION=$(MODULE_VERSION)",
					"PRODUCT_NAME=$(PRODUCT_NAME)",
				);
				INFOPLIST_FILE = MacHyperVSupport/Info.plist;
				LDPLUSPLUS = "$(inherited)";
				"LDPLUSPLUS[arch=ACID32]" = "$(PROJECT_DIR)/clang32/clang-12";
				LIBRARY_SEARCH_PATHS = (
					"$(inherited)",
					"$(PROJECT_DIR)/MacKernelSDK/Library/universal",
				);
				MACOSX_DEPLOYMENT_TARGET = 10.6;
				"MACOSX_DEPLOYMENT_TARGET[arch=ACID32]" = 10.4;
				MARKETING_VERSION = "$(MODULE_VERSION)";
				MODULE_NAME = fish.goldfish64.MacHyperVSupport;
				MODULE_START = "$(PRODUCT_NAME)_kern_start";
				MODULE_STOP = "$(PRODUCT_NAME)_kern_stop";
				MODULE_VERSION = 0.9;
				OTHER_CFLAGS = (
					"-mmmx",
					"-msse",
					"-msse2",
					"-msse3",
					"-mfpmath=sse",
					"-mssse3",
					"-ftree-vectorize",
					"-fno-non-call-exceptions",
					"-fno-builtin",
					"-fno-asynchronous-unwind-tables",
					"-Wno-unknown-warning-option",
					"-Wno-ossharedptr-misuse",
					"-Wno-vla",
					"-Wno-stdlibcxx-not-found",
				);
				"OTHER_CFLAGS[arch=ACID32]" = (
					"-mmmx",
					"-msse",
					"-msse2",
					"-mfpmath=sse",
					"-ftree-vectorize",
					"-fno-non-call-exceptions",
					"-fno-builtin",
					"-fno-asynchronous-unwind-tables",
					"-Wno-unknown-warning-option",
					"-Wno-ossharedptr-misuse",
					"-Wno-vla",
					"-Wno-stdlibcxx-not-found",
					"-static",
					"-fallow-unsupported",
					"-fno-jump-tables",
					"-fno-stack-protector",
					"-target",
					"i386-apple-macos10.4",
				);
				OTHER_LDFLAGS = "-static";
				"OTHER_LDFLAGS[arch=ACID32]" = (
					"-static",
					"-target",
					"i386-apple-macos10.4",
				);
				PRODUCT_BUNDLE_IDENTIFIER = fish.goldfish64.MacHyperVSupport;
				PRODUCT_NAME = "$(TARGET_NAME)";
				RUN_CLANG_STATIC_ANALYZER = YES;
				WRAPPER_EXTENSION = kext;
			};
			name = Debug;
		};
		41BE4110263EDE380018C52B /* Release */ = {
			isa = XCBuildConfiguration;
			buildSettings = {
				CC = "$(inherited)";
				"CC[arch=ACID32]" = "$(PROJECT_DIR)/clang32/clang-12";
				CLANG_WARN_QUOTED_INCLUDE_IN_FRAMEWORK_HEADER = NO;
				CODE_SIGN_IDENTITY = "";
				CODE_SIGN_INJECT_BASE_ENTITLEMENTS = NO;
				CODE_SIGN_STYLE = Manual;
				COMBINE_HIDPI_IMAGES = YES;
				CURRENT_PROJECT_VERSION = "$(MODULE_VERSION)";
				CXX = "$(inherited)";
				"CXX[arch=ACID32]" = "$(PROJECT_DIR)/clang32/clang-12";
				DEAD_CODE_STRIPPING = YES;
				"DEAD_CODE_STRIPPING[arch=ACID32]" = NO;
				GCC_PREPROCESSOR_DEFINITIONS = (
					"$(inherited)",
					"MODULE_VERSION=$(MODULE_VERSION)",
					"PRODUCT_NAME=$(PRODUCT_NAME)",
				);
				INFOPLIST_FILE = MacHyperVSupport/Info.plist;
				LDPLUSPLUS = "$(inherited)";
				"LDPLUSPLUS[arch=ACID32]" = "$(PROJECT_DIR)/clang32/clang-12";
				LIBRARY_SEARCH_PATHS = (
					"$(inherited)",
					"$(PROJECT_DIR)/MacKernelSDK/Library/universal",
				);
				MACOSX_DEPLOYMENT_TARGET = 10.6;
				"MACOSX_DEPLOYMENT_TARGET[arch=ACID32]" = 10.4;
				MARKETING_VERSION = "$(MODULE_VERSION)";
				MODULE_NAME = fish.goldfish64.MacHyperVSupport;
				MODULE_START = "$(PRODUCT_NAME)_kern_start";
				MODULE_STOP = "$(PRODUCT_NAME)_kern_stop";
				MODULE_VERSION = 0.9;
				OTHER_CFLAGS = (
					"-mmmx",
					"-msse",
					"-msse2",
					"-msse3",
					"-mfpmath=sse",
					"-mssse3",
					"-ftree-vectorize",
					"-fno-non-call-exceptions",
					"-fno-builtin",
					"-fno-asynchronous-unwind-tables",
					"-Wno-unknown-warning-option",
					"-Wno-ossharedptr-misuse",
					"-Wno-vla",
					"-Wno-stdlibcxx-not-found",
				);
				"OTHER_CFLAGS[arch=ACID32]" = (
					"-mmmx",
					"-msse",
					"-msse2",
					"-mfpmath=sse",
					"-ftree-vectorize",
					"-fno-non-call-exceptions",
					"-fno-builtin",
					"-fno-asynchronous-unwind-tables",
					"-Wno-unknown-warning-option",
					"-Wno-ossharedptr-misuse",
					"-Wno-vla",
					"-Wno-stdlibcxx-not-found",
					"-static",
					"-fallow-unsupported",
					"-fno-jump-tables",
					"-fno-stack-protector",
					"-target",
					"i386-apple-macos10.4",
				);
				OTHER_LDFLAGS = "-static";
				"OTHER_LDFLAGS[arch=ACID32]" = (
					"-static",
					"-target",
					"i386-apple-macos10.4",
				);
				PRODUCT_BUNDLE_IDENTIFIER = fish.goldfish64.MacHyperVSupport;
				PRODUCT_NAME = "$(TARGET_NAME)";
				RUN_CLANG_STATIC_ANALYZER = YES;
				STRIP_STYLE = "non-global";
				WRAPPER_EXTENSION = kext;
			};
			name = Release;
		};
		41BF4628288CDF1200813670 /* Debug */ = {
			isa = XCBuildConfiguration;
			buildSettings = {
				ARCHS = x86_64;
				CLANG_CXX_LIBRARY = "compiler-default";
				CLANG_WARN_QUOTED_INCLUDE_IN_FRAMEWORK_HEADER = NO;
				CODE_SIGN_IDENTITY = "";
				CODE_SIGN_INJECT_BASE_ENTITLEMENTS = NO;
				CODE_SIGN_STYLE = Manual;
				COMBINE_HIDPI_IMAGES = YES;
				COPY_PHASE_STRIP = NO;
				CURRENT_PROJECT_VERSION = "$(MODULE_VERSION)";
				GCC_PREPROCESSOR_DEFINITIONS = (
					"$(inherited)",
					"MODULE_VERSION=$(MODULE_VERSION)",
					"PRODUCT_NAME=$(PRODUCT_NAME)",
				);
				INFOPLIST_FILE = MacHyperVSupport/Info.plist;
				LIBRARY_SEARCH_PATHS = (
					"$(inherited)",
					"$(PROJECT_DIR)/MacKernelSDK/Library/universal",
				);
				MACOSX_DEPLOYMENT_TARGET = 12.0;
				MARKETING_VERSION = "$(MODULE_VERSION)";
				MODULE_NAME = fish.goldfish64.MacHyperVSupport;
				MODULE_START = "$(PRODUCT_NAME)_kern_start";
				MODULE_STOP = "$(PRODUCT_NAME)_kern_stop";
				MODULE_VERSION = 0.9;
				OTHER_CFLAGS = (
					"-mmmx",
					"-msse",
					"-msse2",
					"-msse3",
					"-mfpmath=sse",
					"-mssse3",
					"-ftree-vectorize",
					"-fno-non-call-exceptions",
					"-fno-builtin",
					"-fno-asynchronous-unwind-tables",
					"-Wno-unknown-warning-option",
					"-Wno-ossharedptr-misuse",
					"-Wno-vla",
					"-Wno-stdlibcxx-not-found",
				);
				OTHER_LDFLAGS = "-static";
				PRODUCT_BUNDLE_IDENTIFIER = fish.goldfish64.MacHyperVSupport;
				PRODUCT_NAME = "$(TARGET_NAME)";
				RUN_CLANG_STATIC_ANALYZER = YES;
				WRAPPER_EXTENSION = kext;
			};
			name = Debug;
		};
		41BF4629288CDF1200813670 /* Release */ = {
			isa = XCBuildConfiguration;
			buildSettings = {
				ARCHS = x86_64;
				CLANG_CXX_LIBRARY = "compiler-default";
				CLANG_WARN_QUOTED_INCLUDE_IN_FRAMEWORK_HEADER = NO;
				CODE_SIGN_IDENTITY = "";
				CODE_SIGN_INJECT_BASE_ENTITLEMENTS = NO;
				CODE_SIGN_STYLE = Manual;
				COMBINE_HIDPI_IMAGES = YES;
				CURRENT_PROJECT_VERSION = "$(MODULE_VERSION)";
				DEAD_CODE_STRIPPING = YES;
				"DEAD_CODE_STRIPPING[arch=ACID32]" = NO;
				GCC_PREPROCESSOR_DEFINITIONS = (
					"$(inherited)",
					"MODULE_VERSION=$(MODULE_VERSION)",
					"PRODUCT_NAME=$(PRODUCT_NAME)",
				);
				INFOPLIST_FILE = MacHyperVSupport/Info.plist;
				LIBRARY_SEARCH_PATHS = (
					"$(inherited)",
					"$(PROJECT_DIR)/MacKernelSDK/Library/universal",
				);
				MACOSX_DEPLOYMENT_TARGET = 12.0;
				MARKETING_VERSION = "$(MODULE_VERSION)";
				MODULE_NAME = fish.goldfish64.MacHyperVSupport;
				MODULE_START = "$(PRODUCT_NAME)_kern_start";
				MODULE_STOP = "$(PRODUCT_NAME)_kern_stop";
				MODULE_VERSION = 0.9;
				OTHER_CFLAGS = (
					"-mmmx",
					"-msse",
					"-msse2",
					"-msse3",
					"-mfpmath=sse",
					"-mssse3",
					"-ftree-vectorize",
					"-fno-non-call-exceptions",
					"-fno-builtin",
					"-fno-asynchronous-unwind-tables",
					"-Wno-unknown-warning-option",
					"-Wno-ossharedptr-misuse",
					"-Wno-vla",
					"-Wno-stdlibcxx-not-found",
				);
				OTHER_LDFLAGS = "-static";
				PRODUCT_BUNDLE_IDENTIFIER = fish.goldfish64.MacHyperVSupport;
				PRODUCT_NAME = "$(TARGET_NAME)";
				RUN_CLANG_STATIC_ANALYZER = YES;
				STRIP_STYLE = "non-global";
				WRAPPER_EXTENSION = kext;
			};
			name = Release;
		};
/* End XCBuildConfiguration section */

/* Begin XCConfigurationList section */
		417C97962892184C00CFE0B2 /* Build configuration list for PBXNativeTarget "hvshutdown" */ = {
			isa = XCConfigurationList;
			buildConfigurations = (
				417C97972892184C00CFE0B2 /* Debug */,
				417C97982892184C00CFE0B2 /* Release */,
			);
			defaultConfigurationIsVisible = 0;
			defaultConfigurationName = Release;
		};
		41BE40FE263EDE370018C52B /* Build configuration list for PBXProject "MacHyperVSupport" */ = {
			isa = XCConfigurationList;
			buildConfigurations = (
				41BE410C263EDE380018C52B /* Debug */,
				41BE410D263EDE380018C52B /* Release */,
			);
			defaultConfigurationIsVisible = 0;
			defaultConfigurationName = Release;
		};
		41BE410E263EDE380018C52B /* Build configuration list for PBXNativeTarget "MacHyperVSupport" */ = {
			isa = XCConfigurationList;
			buildConfigurations = (
				41BE410F263EDE380018C52B /* Debug */,
				41BE4110263EDE380018C52B /* Release */,
			);
			defaultConfigurationIsVisible = 0;
			defaultConfigurationName = Release;
		};
		41BF4627288CDF1200813670 /* Build configuration list for PBXNativeTarget "MacHyperVSupportMonterey" */ = {
			isa = XCConfigurationList;
			buildConfigurations = (
				41BF4628288CDF1200813670 /* Debug */,
				41BF4629288CDF1200813670 /* Release */,
			);
			defaultConfigurationIsVisible = 0;
			defaultConfigurationName = Release;
		};
/* End XCConfigurationList section */
	};
	rootObject = 41BE40FB263EDE370018C52B /* Project object */;
}
